// !$*UTF8*$!
{
	archiveVersion = 1;
	classes = {
	};
	objectVersion = 56;
	objects = {

/* Begin PBXBuildFile section */
		B22B6F022B516CD20044E0F7 /* AppDelegate.swift in Sources */ = {isa = PBXBuildFile; fileRef = B22B6F012B516CD20044E0F7 /* AppDelegate.swift */; };
		B22B6F042B516CD20044E0F7 /* SceneDelegate.swift in Sources */ = {isa = PBXBuildFile; fileRef = B22B6F032B516CD20044E0F7 /* SceneDelegate.swift */; };
		B22B6F0B2B516CD30044E0F7 /* Assets.xcassets in Resources */ = {isa = PBXBuildFile; fileRef = B22B6F0A2B516CD30044E0F7 /* Assets.xcassets */; };
		B22B6F0E2B516CD30044E0F7 /* LaunchScreen.storyboard in Resources */ = {isa = PBXBuildFile; fileRef = B22B6F0C2B516CD30044E0F7 /* LaunchScreen.storyboard */; };
		B22B6F192B516CD30044E0F7 /* JambleTestTests.swift in Sources */ = {isa = PBXBuildFile; fileRef = B22B6F182B516CD30044E0F7 /* JambleTestTests.swift */; };
		B22B6F232B516CD30044E0F7 /* JambleTestUITests.swift in Sources */ = {isa = PBXBuildFile; fileRef = B22B6F222B516CD30044E0F7 /* JambleTestUITests.swift */; };
		B22B6F252B516CD30044E0F7 /* JambleTestUITestsLaunchTests.swift in Sources */ = {isa = PBXBuildFile; fileRef = B22B6F242B516CD30044E0F7 /* JambleTestUITestsLaunchTests.swift */; };
		B22B6F3C2B516E4E0044E0F7 /* Product.swift in Sources */ = {isa = PBXBuildFile; fileRef = B22B6F3B2B516E4E0044E0F7 /* Product.swift */; };
		B22B6F3E2B516FE00044E0F7 /* Currency.swift in Sources */ = {isa = PBXBuildFile; fileRef = B22B6F3D2B516FE00044E0F7 /* Currency.swift */; };
		B22B6F412B5175A80044E0F7 /* Color+Ext.swift in Sources */ = {isa = PBXBuildFile; fileRef = B22B6F402B5175A80044E0F7 /* Color+Ext.swift */; };
		B22B6F472B51765F0044E0F7 /* Products.swift in Sources */ = {isa = PBXBuildFile; fileRef = B22B6F462B51765F0044E0F7 /* Products.swift */; };
		B22B6F492B51789A0044E0F7 /* ProductUseCase.swift in Sources */ = {isa = PBXBuildFile; fileRef = B22B6F482B51789A0044E0F7 /* ProductUseCase.swift */; };
		B22B6F4C2B5178E50044E0F7 /* AutoMockable.swift in Sources */ = {isa = PBXBuildFile; fileRef = B22B6F4B2B5178E50044E0F7 /* AutoMockable.swift */; };
		B22B6F772B517A030044E0F7 /* NetworkServiceType.swift in Sources */ = {isa = PBXBuildFile; fileRef = B22B6F602B517A030044E0F7 /* NetworkServiceType.swift */; };
		B22B6F782B517A030044E0F7 /* NetworkService.swift in Sources */ = {isa = PBXBuildFile; fileRef = B22B6F612B517A030044E0F7 /* NetworkService.swift */; };
		B22B6F7A2B517A030044E0F7 /* ServicesProvider.swift in Sources */ = {isa = PBXBuildFile; fileRef = B22B6F632B517A030044E0F7 /* ServicesProvider.swift */; };
		B22B6F7B2B517A030044E0F7 /* ImageCache.swift in Sources */ = {isa = PBXBuildFile; fileRef = B22B6F652B517A030044E0F7 /* ImageCache.swift */; };
		B22B6F7C2B517A030044E0F7 /* ImageLoaderService.swift in Sources */ = {isa = PBXBuildFile; fileRef = B22B6F662B517A030044E0F7 /* ImageLoaderService.swift */; };
		B22B6F7D2B517A030044E0F7 /* ImageLoaderServiceType.swift in Sources */ = {isa = PBXBuildFile; fileRef = B22B6F672B517A030044E0F7 /* ImageLoaderServiceType.swift */; };
		B22B6F7E2B517A030044E0F7 /* Scheduler.swift in Sources */ = {isa = PBXBuildFile; fileRef = B22B6F682B517A030044E0F7 /* Scheduler.swift */; };
		B22B6F802B517A980044E0F7 /* Resource.swift in Sources */ = {isa = PBXBuildFile; fileRef = B22B6F7F2B517A980044E0F7 /* Resource.swift */; };
		B22B6F822B517AD90044E0F7 /* Publisher+Ext.swift in Sources */ = {isa = PBXBuildFile; fileRef = B22B6F812B517AD90044E0F7 /* Publisher+Ext.swift */; };
		B22B6F842B517B700044E0F7 /* ServiceType.swift in Sources */ = {isa = PBXBuildFile; fileRef = B22B6F832B517B700044E0F7 /* ServiceType.swift */; };
		B22B6F872B517BE20044E0F7 /* JsonServiceType.swift in Sources */ = {isa = PBXBuildFile; fileRef = B22B6F862B517BE20044E0F7 /* JsonServiceType.swift */; };
		B22B6F892B517C200044E0F7 /* JsonResource.swift in Sources */ = {isa = PBXBuildFile; fileRef = B22B6F882B517C200044E0F7 /* JsonResource.swift */; };
		B22B6F8C2B517E170044E0F7 /* products.json in Resources */ = {isa = PBXBuildFile; fileRef = B22B6F8B2B517E170044E0F7 /* products.json */; };
		B22B6F8F2B517E3B0044E0F7 /* Constants.swift in Sources */ = {isa = PBXBuildFile; fileRef = B22B6F8E2B517E3B0044E0F7 /* Constants.swift */; };
		B22B6F912B517F690044E0F7 /* JsonService.swift in Sources */ = {isa = PBXBuildFile; fileRef = B22B6F902B517F690044E0F7 /* JsonService.swift */; };
		B22B6F972B518C050044E0F7 /* ProductsViewController.swift in Sources */ = {isa = PBXBuildFile; fileRef = B22B6F962B518C050044E0F7 /* ProductsViewController.swift */; };
		B22B6F992B518C600044E0F7 /* ProductsViewModel.swift in Sources */ = {isa = PBXBuildFile; fileRef = B22B6F982B518C600044E0F7 /* ProductsViewModel.swift */; };
		B22B6F9C2B518DE90044E0F7 /* ProductCollectionViewCell.swift in Sources */ = {isa = PBXBuildFile; fileRef = B22B6F9A2B518DE90044E0F7 /* ProductCollectionViewCell.swift */; };
		B22B6F9D2B518DE90044E0F7 /* ProductCollectionViewCell.xib in Resources */ = {isa = PBXBuildFile; fileRef = B22B6F9B2B518DE90044E0F7 /* ProductCollectionViewCell.xib */; };
		B22B6F9F2B518E910044E0F7 /* UICollectionView+Ext.swift in Sources */ = {isa = PBXBuildFile; fileRef = B22B6F9E2B518E910044E0F7 /* UICollectionView+Ext.swift */; };
		B22B6FDD2B51AF750044E0F7 /* MockData.swift in Sources */ = {isa = PBXBuildFile; fileRef = B22B6FDC2B51AF750044E0F7 /* MockData.swift */; };
		B22B6FDF2B51BBB50044E0F7 /* SearchField+Ext.swift in Sources */ = {isa = PBXBuildFile; fileRef = B22B6FDE2B51BBB50044E0F7 /* SearchField+Ext.swift */; };
		B22B6FE22B51C6260044E0F7 /* NavigatorCoordinator.swift in Sources */ = {isa = PBXBuildFile; fileRef = B22B6FE12B51C6260044E0F7 /* NavigatorCoordinator.swift */; };
		B22B6FE42B51C65A0044E0F7 /* ApplicationNavigatorCoordinator.swift in Sources */ = {isa = PBXBuildFile; fileRef = B22B6FE32B51C65A0044E0F7 /* ApplicationNavigatorCoordinator.swift */; };
		B22B6FE62B51C68C0044E0F7 /* ApplicationComponentsFactory.swift in Sources */ = {isa = PBXBuildFile; fileRef = B22B6FE52B51C68C0044E0F7 /* ApplicationComponentsFactory.swift */; };
		B22B6FE82B51C7D60044E0F7 /* ProductsViewNavigator.swift in Sources */ = {isa = PBXBuildFile; fileRef = B22B6FE72B51C7D60044E0F7 /* ProductsViewNavigator.swift */; };
		B22B6FEA2B51C86F0044E0F7 /* ApplicationCoordinatorDependencyProviders.swift in Sources */ = {isa = PBXBuildFile; fileRef = B22B6FE92B51C86F0044E0F7 /* ApplicationCoordinatorDependencyProviders.swift */; };
		B22B6FEC2B51C9520044E0F7 /* ProductsNavigatorController.swift in Sources */ = {isa = PBXBuildFile; fileRef = B22B6FEB2B51C9520044E0F7 /* ProductsNavigatorController.swift */; };
		B22B6FEE2B51CB510044E0F7 /* ProductsViewModelType.swift in Sources */ = {isa = PBXBuildFile; fileRef = B22B6FED2B51CB510044E0F7 /* ProductsViewModelType.swift */; };
/* End PBXBuildFile section */

/* Begin PBXContainerItemProxy section */
		B22B6F152B516CD30044E0F7 /* PBXContainerItemProxy */ = {
			isa = PBXContainerItemProxy;
			containerPortal = B22B6EF62B516CD20044E0F7 /* Project object */;
			proxyType = 1;
			remoteGlobalIDString = B22B6EFD2B516CD20044E0F7;
			remoteInfo = JambleTest;
		};
		B22B6F1F2B516CD30044E0F7 /* PBXContainerItemProxy */ = {
			isa = PBXContainerItemProxy;
			containerPortal = B22B6EF62B516CD20044E0F7 /* Project object */;
			proxyType = 1;
			remoteGlobalIDString = B22B6EFD2B516CD20044E0F7;
			remoteInfo = JambleTest;
		};
/* End PBXContainerItemProxy section */

/* Begin PBXFileReference section */
		B22B6EFE2B516CD20044E0F7 /* JambleTest.app */ = {isa = PBXFileReference; explicitFileType = wrapper.application; includeInIndex = 0; path = JambleTest.app; sourceTree = BUILT_PRODUCTS_DIR; };
		B22B6F012B516CD20044E0F7 /* AppDelegate.swift */ = {isa = PBXFileReference; lastKnownFileType = sourcecode.swift; path = AppDelegate.swift; sourceTree = "<group>"; };
		B22B6F032B516CD20044E0F7 /* SceneDelegate.swift */ = {isa = PBXFileReference; lastKnownFileType = sourcecode.swift; path = SceneDelegate.swift; sourceTree = "<group>"; };
		B22B6F0A2B516CD30044E0F7 /* Assets.xcassets */ = {isa = PBXFileReference; lastKnownFileType = folder.assetcatalog; path = Assets.xcassets; sourceTree = "<group>"; };
		B22B6F0D2B516CD30044E0F7 /* Base */ = {isa = PBXFileReference; lastKnownFileType = file.storyboard; name = Base; path = Base.lproj/LaunchScreen.storyboard; sourceTree = "<group>"; };
		B22B6F0F2B516CD30044E0F7 /* Info.plist */ = {isa = PBXFileReference; lastKnownFileType = text.plist.xml; path = Info.plist; sourceTree = "<group>"; };
		B22B6F142B516CD30044E0F7 /* JambleTestTests.xctest */ = {isa = PBXFileReference; explicitFileType = wrapper.cfbundle; includeInIndex = 0; path = JambleTestTests.xctest; sourceTree = BUILT_PRODUCTS_DIR; };
		B22B6F182B516CD30044E0F7 /* JambleTestTests.swift */ = {isa = PBXFileReference; lastKnownFileType = sourcecode.swift; path = JambleTestTests.swift; sourceTree = "<group>"; };
		B22B6F1E2B516CD30044E0F7 /* JambleTestUITests.xctest */ = {isa = PBXFileReference; explicitFileType = wrapper.cfbundle; includeInIndex = 0; path = JambleTestUITests.xctest; sourceTree = BUILT_PRODUCTS_DIR; };
		B22B6F222B516CD30044E0F7 /* JambleTestUITests.swift */ = {isa = PBXFileReference; lastKnownFileType = sourcecode.swift; path = JambleTestUITests.swift; sourceTree = "<group>"; };
		B22B6F242B516CD30044E0F7 /* JambleTestUITestsLaunchTests.swift */ = {isa = PBXFileReference; lastKnownFileType = sourcecode.swift; path = JambleTestUITestsLaunchTests.swift; sourceTree = "<group>"; };
		B22B6F3B2B516E4E0044E0F7 /* Product.swift */ = {isa = PBXFileReference; lastKnownFileType = sourcecode.swift; path = Product.swift; sourceTree = "<group>"; };
		B22B6F3D2B516FE00044E0F7 /* Currency.swift */ = {isa = PBXFileReference; lastKnownFileType = sourcecode.swift; path = Currency.swift; sourceTree = "<group>"; };
		B22B6F402B5175A80044E0F7 /* Color+Ext.swift */ = {isa = PBXFileReference; lastKnownFileType = sourcecode.swift; path = "Color+Ext.swift"; sourceTree = "<group>"; };
		B22B6F462B51765F0044E0F7 /* Products.swift */ = {isa = PBXFileReference; lastKnownFileType = sourcecode.swift; path = Products.swift; sourceTree = "<group>"; };
		B22B6F482B51789A0044E0F7 /* ProductUseCase.swift */ = {isa = PBXFileReference; lastKnownFileType = sourcecode.swift; path = ProductUseCase.swift; sourceTree = "<group>"; };
		B22B6F4B2B5178E50044E0F7 /* AutoMockable.swift */ = {isa = PBXFileReference; lastKnownFileType = sourcecode.swift; path = AutoMockable.swift; sourceTree = "<group>"; };
		B22B6F602B517A030044E0F7 /* NetworkServiceType.swift */ = {isa = PBXFileReference; fileEncoding = 4; lastKnownFileType = sourcecode.swift; path = NetworkServiceType.swift; sourceTree = "<group>"; };
		B22B6F612B517A030044E0F7 /* NetworkService.swift */ = {isa = PBXFileReference; fileEncoding = 4; lastKnownFileType = sourcecode.swift; path = NetworkService.swift; sourceTree = "<group>"; };
		B22B6F632B517A030044E0F7 /* ServicesProvider.swift */ = {isa = PBXFileReference; fileEncoding = 4; lastKnownFileType = sourcecode.swift; path = ServicesProvider.swift; sourceTree = "<group>"; };
		B22B6F652B517A030044E0F7 /* ImageCache.swift */ = {isa = PBXFileReference; fileEncoding = 4; lastKnownFileType = sourcecode.swift; path = ImageCache.swift; sourceTree = "<group>"; };
		B22B6F662B517A030044E0F7 /* ImageLoaderService.swift */ = {isa = PBXFileReference; fileEncoding = 4; lastKnownFileType = sourcecode.swift; path = ImageLoaderService.swift; sourceTree = "<group>"; };
		B22B6F672B517A030044E0F7 /* ImageLoaderServiceType.swift */ = {isa = PBXFileReference; fileEncoding = 4; lastKnownFileType = sourcecode.swift; path = ImageLoaderServiceType.swift; sourceTree = "<group>"; };
		B22B6F682B517A030044E0F7 /* Scheduler.swift */ = {isa = PBXFileReference; fileEncoding = 4; lastKnownFileType = sourcecode.swift; path = Scheduler.swift; sourceTree = "<group>"; };
		B22B6F7F2B517A980044E0F7 /* Resource.swift */ = {isa = PBXFileReference; fileEncoding = 4; lastKnownFileType = sourcecode.swift; path = Resource.swift; sourceTree = "<group>"; };
		B22B6F812B517AD90044E0F7 /* Publisher+Ext.swift */ = {isa = PBXFileReference; lastKnownFileType = sourcecode.swift; path = "Publisher+Ext.swift"; sourceTree = "<group>"; };
		B22B6F832B517B700044E0F7 /* ServiceType.swift */ = {isa = PBXFileReference; lastKnownFileType = sourcecode.swift; path = ServiceType.swift; sourceTree = "<group>"; };
		B22B6F862B517BE20044E0F7 /* JsonServiceType.swift */ = {isa = PBXFileReference; lastKnownFileType = sourcecode.swift; path = JsonServiceType.swift; sourceTree = "<group>"; };
		B22B6F882B517C200044E0F7 /* JsonResource.swift */ = {isa = PBXFileReference; lastKnownFileType = sourcecode.swift; path = JsonResource.swift; sourceTree = "<group>"; };
		B22B6F8B2B517E170044E0F7 /* products.json */ = {isa = PBXFileReference; fileEncoding = 4; lastKnownFileType = text.json; path = products.json; sourceTree = "<group>"; };
		B22B6F8E2B517E3B0044E0F7 /* Constants.swift */ = {isa = PBXFileReference; lastKnownFileType = sourcecode.swift; path = Constants.swift; sourceTree = "<group>"; };
		B22B6F902B517F690044E0F7 /* JsonService.swift */ = {isa = PBXFileReference; lastKnownFileType = sourcecode.swift; path = JsonService.swift; sourceTree = "<group>"; };
		B22B6F962B518C050044E0F7 /* ProductsViewController.swift */ = {isa = PBXFileReference; lastKnownFileType = sourcecode.swift; path = ProductsViewController.swift; sourceTree = "<group>"; };
		B22B6F982B518C600044E0F7 /* ProductsViewModel.swift */ = {isa = PBXFileReference; lastKnownFileType = sourcecode.swift; path = ProductsViewModel.swift; sourceTree = "<group>"; };
		B22B6F9A2B518DE90044E0F7 /* ProductCollectionViewCell.swift */ = {isa = PBXFileReference; lastKnownFileType = sourcecode.swift; path = ProductCollectionViewCell.swift; sourceTree = "<group>"; };
		B22B6F9B2B518DE90044E0F7 /* ProductCollectionViewCell.xib */ = {isa = PBXFileReference; lastKnownFileType = file.xib; path = ProductCollectionViewCell.xib; sourceTree = "<group>"; };
		B22B6F9E2B518E910044E0F7 /* UICollectionView+Ext.swift */ = {isa = PBXFileReference; lastKnownFileType = sourcecode.swift; path = "UICollectionView+Ext.swift"; sourceTree = "<group>"; };
		B22B6FDC2B51AF750044E0F7 /* MockData.swift */ = {isa = PBXFileReference; lastKnownFileType = sourcecode.swift; path = MockData.swift; sourceTree = "<group>"; };
		B22B6FDE2B51BBB50044E0F7 /* SearchField+Ext.swift */ = {isa = PBXFileReference; lastKnownFileType = sourcecode.swift; path = "SearchField+Ext.swift"; sourceTree = "<group>"; };
		B22B6FE12B51C6260044E0F7 /* NavigatorCoordinator.swift */ = {isa = PBXFileReference; lastKnownFileType = sourcecode.swift; path = NavigatorCoordinator.swift; sourceTree = "<group>"; };
		B22B6FE32B51C65A0044E0F7 /* ApplicationNavigatorCoordinator.swift */ = {isa = PBXFileReference; lastKnownFileType = sourcecode.swift; path = ApplicationNavigatorCoordinator.swift; sourceTree = "<group>"; };
		B22B6FE52B51C68C0044E0F7 /* ApplicationComponentsFactory.swift */ = {isa = PBXFileReference; lastKnownFileType = sourcecode.swift; path = ApplicationComponentsFactory.swift; sourceTree = "<group>"; };
		B22B6FE72B51C7D60044E0F7 /* ProductsViewNavigator.swift */ = {isa = PBXFileReference; lastKnownFileType = sourcecode.swift; path = ProductsViewNavigator.swift; sourceTree = "<group>"; };
		B22B6FE92B51C86F0044E0F7 /* ApplicationCoordinatorDependencyProviders.swift */ = {isa = PBXFileReference; lastKnownFileType = sourcecode.swift; path = ApplicationCoordinatorDependencyProviders.swift; sourceTree = "<group>"; };
		B22B6FEB2B51C9520044E0F7 /* ProductsNavigatorController.swift */ = {isa = PBXFileReference; lastKnownFileType = sourcecode.swift; path = ProductsNavigatorController.swift; sourceTree = "<group>"; };
		B22B6FED2B51CB510044E0F7 /* ProductsViewModelType.swift */ = {isa = PBXFileReference; lastKnownFileType = sourcecode.swift; path = ProductsViewModelType.swift; sourceTree = "<group>"; };
/* End PBXFileReference section */

/* Begin PBXFrameworksBuildPhase section */
		B22B6EFB2B516CD20044E0F7 /* Frameworks */ = {
			isa = PBXFrameworksBuildPhase;
			buildActionMask = 2147483647;
			files = (
			);
			runOnlyForDeploymentPostprocessing = 0;
		};
		B22B6F112B516CD30044E0F7 /* Frameworks */ = {
			isa = PBXFrameworksBuildPhase;
			buildActionMask = 2147483647;
			files = (
			);
			runOnlyForDeploymentPostprocessing = 0;
		};
		B22B6F1B2B516CD30044E0F7 /* Frameworks */ = {
			isa = PBXFrameworksBuildPhase;
			buildActionMask = 2147483647;
			files = (
			);
			runOnlyForDeploymentPostprocessing = 0;
		};
/* End PBXFrameworksBuildPhase section */

/* Begin PBXGroup section */
		B22B6EF52B516CD20044E0F7 = {
			isa = PBXGroup;
			children = (
				B22B6F002B516CD20044E0F7 /* JambleTest */,
				B22B6F172B516CD30044E0F7 /* JambleTestTests */,
				B22B6F212B516CD30044E0F7 /* JambleTestUITests */,
				B22B6EFF2B516CD20044E0F7 /* Products */,
			);
			sourceTree = "<group>";
		};
		B22B6EFF2B516CD20044E0F7 /* Products */ = {
			isa = PBXGroup;
			children = (
				B22B6EFE2B516CD20044E0F7 /* JambleTest.app */,
				B22B6F142B516CD30044E0F7 /* JambleTestTests.xctest */,
				B22B6F1E2B516CD30044E0F7 /* JambleTestUITests.xctest */,
			);
			name = Products;
			sourceTree = "<group>";
		};
		B22B6F002B516CD20044E0F7 /* JambleTest */ = {
			isa = PBXGroup;
			children = (
				B22B6F8A2B517E0E0044E0F7 /* Resource */,
				B22B6F342B516D810044E0F7 /* UI */,
				B22B6F332B516D7B0044E0F7 /* Domain */,
				B22B6F322B516D770044E0F7 /* Data */,
				B22B6F312B516D720044E0F7 /* Core */,
				B22B6F012B516CD20044E0F7 /* AppDelegate.swift */,
				B22B6F032B516CD20044E0F7 /* SceneDelegate.swift */,
				B22B6F0C2B516CD30044E0F7 /* LaunchScreen.storyboard */,
				B22B6F0F2B516CD30044E0F7 /* Info.plist */,
			);
			path = JambleTest;
			sourceTree = "<group>";
		};
		B22B6F172B516CD30044E0F7 /* JambleTestTests */ = {
			isa = PBXGroup;
			children = (
				B22B6F182B516CD30044E0F7 /* JambleTestTests.swift */,
			);
			path = JambleTestTests;
			sourceTree = "<group>";
		};
		B22B6F212B516CD30044E0F7 /* JambleTestUITests */ = {
			isa = PBXGroup;
			children = (
				B22B6F222B516CD30044E0F7 /* JambleTestUITests.swift */,
				B22B6F242B516CD30044E0F7 /* JambleTestUITestsLaunchTests.swift */,
			);
			path = JambleTestUITests;
			sourceTree = "<group>";
		};
		B22B6F312B516D720044E0F7 /* Core */ = {
			isa = PBXGroup;
			children = (
				B22B6FE02B51C5F10044E0F7 /* Navigator */,
				B22B6F8D2B517E310044E0F7 /* Common */,
				B22B6F4A2B5178D80044E0F7 /* Utils */,
				B22B6F3F2B51759D0044E0F7 /* Extensions */,
			);
			path = Core;
			sourceTree = "<group>";
		};
		B22B6F322B516D770044E0F7 /* Data */ = {
			isa = PBXGroup;
			children = (
				B22B6F5E2B517A030044E0F7 /* Services */,
			);
			path = Data;
			sourceTree = "<group>";
		};
		B22B6F332B516D7B0044E0F7 /* Domain */ = {
			isa = PBXGroup;
			children = (
				B22B6F432B5175F60044E0F7 /* UseCase */,
				B22B6F3A2B516DFA0044E0F7 /* Model */,
			);
			path = Domain;
			sourceTree = "<group>";
		};
		B22B6F342B516D810044E0F7 /* UI */ = {
			isa = PBXGroup;
			children = (
				B22B6F362B516DA70044E0F7 /* Views */,
				B22B6F352B516D8A0044E0F7 /* Product */,
			);
			path = UI;
			sourceTree = "<group>";
		};
		B22B6F352B516D8A0044E0F7 /* Product */ = {
			isa = PBXGroup;
			children = (
				B22B6F962B518C050044E0F7 /* ProductsViewController.swift */,
				B22B6F982B518C600044E0F7 /* ProductsViewModel.swift */,
				B22B6FE72B51C7D60044E0F7 /* ProductsViewNavigator.swift */,
				B22B6FED2B51CB510044E0F7 /* ProductsViewModelType.swift */,
			);
			path = Product;
			sourceTree = "<group>";
		};
		B22B6F362B516DA70044E0F7 /* Views */ = {
			isa = PBXGroup;
			children = (
				B22B6F392B516DCC0044E0F7 /* Cells */,
				B22B6F382B516DC30044E0F7 /* Filter */,
				B22B6F372B516DBA0044E0F7 /* OrderBy */,
			);
			path = Views;
			sourceTree = "<group>";
		};
		B22B6F372B516DBA0044E0F7 /* OrderBy */ = {
			isa = PBXGroup;
			children = (
			);
			path = OrderBy;
			sourceTree = "<group>";
		};
		B22B6F382B516DC30044E0F7 /* Filter */ = {
			isa = PBXGroup;
			children = (
			);
			path = Filter;
			sourceTree = "<group>";
		};
		B22B6F392B516DCC0044E0F7 /* Cells */ = {
			isa = PBXGroup;
			children = (
				B22B6F9A2B518DE90044E0F7 /* ProductCollectionViewCell.swift */,
				B22B6F9B2B518DE90044E0F7 /* ProductCollectionViewCell.xib */,
			);
			path = Cells;
			sourceTree = "<group>";
		};
		B22B6F3A2B516DFA0044E0F7 /* Model */ = {
			isa = PBXGroup;
			children = (
				B22B6F3B2B516E4E0044E0F7 /* Product.swift */,
				B22B6F3D2B516FE00044E0F7 /* Currency.swift */,
				B22B6F462B51765F0044E0F7 /* Products.swift */,
			);
			path = Model;
			sourceTree = "<group>";
		};
		B22B6F3F2B51759D0044E0F7 /* Extensions */ = {
			isa = PBXGroup;
			children = (
				B22B6F402B5175A80044E0F7 /* Color+Ext.swift */,
				B22B6F812B517AD90044E0F7 /* Publisher+Ext.swift */,
				B22B6F9E2B518E910044E0F7 /* UICollectionView+Ext.swift */,
				B22B6FDE2B51BBB50044E0F7 /* SearchField+Ext.swift */,
			);
			path = Extensions;
			sourceTree = "<group>";
		};
		B22B6F432B5175F60044E0F7 /* UseCase */ = {
			isa = PBXGroup;
			children = (
				B22B6F482B51789A0044E0F7 /* ProductUseCase.swift */,
			);
			path = UseCase;
			sourceTree = "<group>";
		};
		B22B6F4A2B5178D80044E0F7 /* Utils */ = {
			isa = PBXGroup;
			children = (
				B22B6F4B2B5178E50044E0F7 /* AutoMockable.swift */,
			);
			path = Utils;
			sourceTree = "<group>";
		};
		B22B6F5E2B517A030044E0F7 /* Services */ = {
			isa = PBXGroup;
			children = (
				B22B6F852B517BD20044E0F7 /* Json */,
				B22B6F5F2B517A030044E0F7 /* Network */,
				B22B6F632B517A030044E0F7 /* ServicesProvider.swift */,
				B22B6F642B517A030044E0F7 /* ImageLoader */,
				B22B6F682B517A030044E0F7 /* Scheduler.swift */,
				B22B6F832B517B700044E0F7 /* ServiceType.swift */,
			);
			path = Services;
			sourceTree = "<group>";
		};
		B22B6F5F2B517A030044E0F7 /* Network */ = {
			isa = PBXGroup;
			children = (
				B22B6F602B517A030044E0F7 /* NetworkServiceType.swift */,
				B22B6F612B517A030044E0F7 /* NetworkService.swift */,
				B22B6F7F2B517A980044E0F7 /* Resource.swift */,
			);
			path = Network;
			sourceTree = "<group>";
		};
		B22B6F642B517A030044E0F7 /* ImageLoader */ = {
			isa = PBXGroup;
			children = (
				B22B6F652B517A030044E0F7 /* ImageCache.swift */,
				B22B6F662B517A030044E0F7 /* ImageLoaderService.swift */,
				B22B6F672B517A030044E0F7 /* ImageLoaderServiceType.swift */,
			);
			path = ImageLoader;
			sourceTree = "<group>";
		};
		B22B6F852B517BD20044E0F7 /* Json */ = {
			isa = PBXGroup;
			children = (
				B22B6F862B517BE20044E0F7 /* JsonServiceType.swift */,
				B22B6F882B517C200044E0F7 /* JsonResource.swift */,
				B22B6F902B517F690044E0F7 /* JsonService.swift */,
			);
			path = Json;
			sourceTree = "<group>";
		};
		B22B6F8A2B517E0E0044E0F7 /* Resource */ = {
			isa = PBXGroup;
			children = (
				B22B6F0A2B516CD30044E0F7 /* Assets.xcassets */,
				B22B6F8B2B517E170044E0F7 /* products.json */,
			);
			path = Resource;
			sourceTree = "<group>";
		};
		B22B6F8D2B517E310044E0F7 /* Common */ = {
			isa = PBXGroup;
			children = (
				B22B6F8E2B517E3B0044E0F7 /* Constants.swift */,
				B22B6FDC2B51AF750044E0F7 /* MockData.swift */,
			);
			path = Common;
			sourceTree = "<group>";
		};
		B22B6FE02B51C5F10044E0F7 /* Navigator */ = {
			isa = PBXGroup;
			children = (
				B22B6FE12B51C6260044E0F7 /* NavigatorCoordinator.swift */,
				B22B6FE32B51C65A0044E0F7 /* ApplicationNavigatorCoordinator.swift */,
				B22B6FE52B51C68C0044E0F7 /* ApplicationComponentsFactory.swift */,
				B22B6FE92B51C86F0044E0F7 /* ApplicationCoordinatorDependencyProviders.swift */,
				B22B6FEB2B51C9520044E0F7 /* ProductsNavigatorController.swift */,
			);
			path = Navigator;
			sourceTree = "<group>";
		};
/* End PBXGroup section */

/* Begin PBXNativeTarget section */
		B22B6EFD2B516CD20044E0F7 /* JambleTest */ = {
			isa = PBXNativeTarget;
			buildConfigurationList = B22B6F282B516CD30044E0F7 /* Build configuration list for PBXNativeTarget "JambleTest" */;
			buildPhases = (
				B22B6EFA2B516CD20044E0F7 /* Sources */,
				B22B6EFB2B516CD20044E0F7 /* Frameworks */,
				B22B6EFC2B516CD20044E0F7 /* Resources */,
			);
			buildRules = (
			);
			dependencies = (
			);
			name = JambleTest;
			productName = JambleTest;
			productReference = B22B6EFE2B516CD20044E0F7 /* JambleTest.app */;
			productType = "com.apple.product-type.application";
		};
		B22B6F132B516CD30044E0F7 /* JambleTestTests */ = {
			isa = PBXNativeTarget;
			buildConfigurationList = B22B6F2B2B516CD30044E0F7 /* Build configuration list for PBXNativeTarget "JambleTestTests" */;
			buildPhases = (
				B22B6F102B516CD30044E0F7 /* Sources */,
				B22B6F112B516CD30044E0F7 /* Frameworks */,
				B22B6F122B516CD30044E0F7 /* Resources */,
			);
			buildRules = (
			);
			dependencies = (
				B22B6F162B516CD30044E0F7 /* PBXTargetDependency */,
			);
			name = JambleTestTests;
			productName = JambleTestTests;
			productReference = B22B6F142B516CD30044E0F7 /* JambleTestTests.xctest */;
			productType = "com.apple.product-type.bundle.unit-test";
		};
		B22B6F1D2B516CD30044E0F7 /* JambleTestUITests */ = {
			isa = PBXNativeTarget;
			buildConfigurationList = B22B6F2E2B516CD30044E0F7 /* Build configuration list for PBXNativeTarget "JambleTestUITests" */;
			buildPhases = (
				B22B6F1A2B516CD30044E0F7 /* Sources */,
				B22B6F1B2B516CD30044E0F7 /* Frameworks */,
				B22B6F1C2B516CD30044E0F7 /* Resources */,
			);
			buildRules = (
			);
			dependencies = (
				B22B6F202B516CD30044E0F7 /* PBXTargetDependency */,
			);
			name = JambleTestUITests;
			productName = JambleTestUITests;
			productReference = B22B6F1E2B516CD30044E0F7 /* JambleTestUITests.xctest */;
			productType = "com.apple.product-type.bundle.ui-testing";
		};
/* End PBXNativeTarget section */

/* Begin PBXProject section */
		B22B6EF62B516CD20044E0F7 /* Project object */ = {
			isa = PBXProject;
			attributes = {
				BuildIndependentTargetsInParallel = 1;
				LastSwiftUpdateCheck = 1500;
				LastUpgradeCheck = 1500;
				TargetAttributes = {
					B22B6EFD2B516CD20044E0F7 = {
						CreatedOnToolsVersion = 15.0.1;
					};
					B22B6F132B516CD30044E0F7 = {
						CreatedOnToolsVersion = 15.0.1;
						TestTargetID = B22B6EFD2B516CD20044E0F7;
					};
					B22B6F1D2B516CD30044E0F7 = {
						CreatedOnToolsVersion = 15.0.1;
						TestTargetID = B22B6EFD2B516CD20044E0F7;
					};
				};
			};
			buildConfigurationList = B22B6EF92B516CD20044E0F7 /* Build configuration list for PBXProject "JambleTest" */;
			compatibilityVersion = "Xcode 14.0";
			developmentRegion = en;
			hasScannedForEncodings = 0;
			knownRegions = (
				en,
				Base,
			);
			mainGroup = B22B6EF52B516CD20044E0F7;
			productRefGroup = B22B6EFF2B516CD20044E0F7 /* Products */;
			projectDirPath = "";
			projectRoot = "";
			targets = (
				B22B6EFD2B516CD20044E0F7 /* JambleTest */,
				B22B6F132B516CD30044E0F7 /* JambleTestTests */,
				B22B6F1D2B516CD30044E0F7 /* JambleTestUITests */,
			);
		};
/* End PBXProject section */

/* Begin PBXResourcesBuildPhase section */
		B22B6EFC2B516CD20044E0F7 /* Resources */ = {
			isa = PBXResourcesBuildPhase;
			buildActionMask = 2147483647;
			files = (
				B22B6F0E2B516CD30044E0F7 /* LaunchScreen.storyboard in Resources */,
				B22B6F9D2B518DE90044E0F7 /* ProductCollectionViewCell.xib in Resources */,
				B22B6F8C2B517E170044E0F7 /* products.json in Resources */,
				B22B6F0B2B516CD30044E0F7 /* Assets.xcassets in Resources */,
			);
			runOnlyForDeploymentPostprocessing = 0;
		};
		B22B6F122B516CD30044E0F7 /* Resources */ = {
			isa = PBXResourcesBuildPhase;
			buildActionMask = 2147483647;
			files = (
			);
			runOnlyForDeploymentPostprocessing = 0;
		};
		B22B6F1C2B516CD30044E0F7 /* Resources */ = {
			isa = PBXResourcesBuildPhase;
			buildActionMask = 2147483647;
			files = (
			);
			runOnlyForDeploymentPostprocessing = 0;
		};
/* End PBXResourcesBuildPhase section */

/* Begin PBXSourcesBuildPhase section */
		B22B6EFA2B516CD20044E0F7 /* Sources */ = {
			isa = PBXSourcesBuildPhase;
			buildActionMask = 2147483647;
			files = (
				B22B6F772B517A030044E0F7 /* NetworkServiceType.swift in Sources */,
				B22B6F892B517C200044E0F7 /* JsonResource.swift in Sources */,
				B22B6F7D2B517A030044E0F7 /* ImageLoaderServiceType.swift in Sources */,
				B22B6F7C2B517A030044E0F7 /* ImageLoaderService.swift in Sources */,
				B22B6F782B517A030044E0F7 /* NetworkService.swift in Sources */,
				B22B6FDD2B51AF750044E0F7 /* MockData.swift in Sources */,
				B22B6FE22B51C6260044E0F7 /* NavigatorCoordinator.swift in Sources */,
				B22B6F7A2B517A030044E0F7 /* ServicesProvider.swift in Sources */,
				B22B6F3E2B516FE00044E0F7 /* Currency.swift in Sources */,
				B22B6F3C2B516E4E0044E0F7 /* Product.swift in Sources */,
				B22B6FEC2B51C9520044E0F7 /* ProductsNavigatorController.swift in Sources */,
				B22B6FDF2B51BBB50044E0F7 /* SearchField+Ext.swift in Sources */,
				B22B6FEE2B51CB510044E0F7 /* ProductsViewModelType.swift in Sources */,
				B22B6FEA2B51C86F0044E0F7 /* ApplicationCoordinatorDependencyProviders.swift in Sources */,
				B22B6FE82B51C7D60044E0F7 /* ProductsViewNavigator.swift in Sources */,
				B22B6F802B517A980044E0F7 /* Resource.swift in Sources */,
				B22B6F9F2B518E910044E0F7 /* UICollectionView+Ext.swift in Sources */,
				B22B6F022B516CD20044E0F7 /* AppDelegate.swift in Sources */,
				B22B6FE42B51C65A0044E0F7 /* ApplicationNavigatorCoordinator.swift in Sources */,
				B22B6F912B517F690044E0F7 /* JsonService.swift in Sources */,
				B22B6F4C2B5178E50044E0F7 /* AutoMockable.swift in Sources */,
				B22B6FE62B51C68C0044E0F7 /* ApplicationComponentsFactory.swift in Sources */,
				B22B6F472B51765F0044E0F7 /* Products.swift in Sources */,
				B22B6F972B518C050044E0F7 /* ProductsViewController.swift in Sources */,
				B22B6F492B51789A0044E0F7 /* ProductUseCase.swift in Sources */,
				B22B6F9C2B518DE90044E0F7 /* ProductCollectionViewCell.swift in Sources */,
				B22B6F992B518C600044E0F7 /* ProductsViewModel.swift in Sources */,
				B22B6F872B517BE20044E0F7 /* JsonServiceType.swift in Sources */,
				B22B6F7E2B517A030044E0F7 /* Scheduler.swift in Sources */,
				B22B6F042B516CD20044E0F7 /* SceneDelegate.swift in Sources */,
				B22B6F7B2B517A030044E0F7 /* ImageCache.swift in Sources */,
				B22B6F412B5175A80044E0F7 /* Color+Ext.swift in Sources */,
				B22B6F8F2B517E3B0044E0F7 /* Constants.swift in Sources */,
				B22B6F842B517B700044E0F7 /* ServiceType.swift in Sources */,
				B22B6F822B517AD90044E0F7 /* Publisher+Ext.swift in Sources */,
			);
			runOnlyForDeploymentPostprocessing = 0;
		};
		B22B6F102B516CD30044E0F7 /* Sources */ = {
			isa = PBXSourcesBuildPhase;
			buildActionMask = 2147483647;
			files = (
				B22B6F192B516CD30044E0F7 /* JambleTestTests.swift in Sources */,
			);
			runOnlyForDeploymentPostprocessing = 0;
		};
		B22B6F1A2B516CD30044E0F7 /* Sources */ = {
			isa = PBXSourcesBuildPhase;
			buildActionMask = 2147483647;
			files = (
				B22B6F232B516CD30044E0F7 /* JambleTestUITests.swift in Sources */,
				B22B6F252B516CD30044E0F7 /* JambleTestUITestsLaunchTests.swift in Sources */,
			);
			runOnlyForDeploymentPostprocessing = 0;
		};
/* End PBXSourcesBuildPhase section */

/* Begin PBXTargetDependency section */
		B22B6F162B516CD30044E0F7 /* PBXTargetDependency */ = {
			isa = PBXTargetDependency;
			target = B22B6EFD2B516CD20044E0F7 /* JambleTest */;
			targetProxy = B22B6F152B516CD30044E0F7 /* PBXContainerItemProxy */;
		};
		B22B6F202B516CD30044E0F7 /* PBXTargetDependency */ = {
			isa = PBXTargetDependency;
			target = B22B6EFD2B516CD20044E0F7 /* JambleTest */;
			targetProxy = B22B6F1F2B516CD30044E0F7 /* PBXContainerItemProxy */;
		};
/* End PBXTargetDependency section */

/* Begin PBXVariantGroup section */
		B22B6F0C2B516CD30044E0F7 /* LaunchScreen.storyboard */ = {
			isa = PBXVariantGroup;
			children = (
				B22B6F0D2B516CD30044E0F7 /* Base */,
			);
			name = LaunchScreen.storyboard;
			sourceTree = "<group>";
		};
/* End PBXVariantGroup section */

/* Begin XCBuildConfiguration section */
		B22B6F262B516CD30044E0F7 /* Debug */ = {
			isa = XCBuildConfiguration;
			buildSettings = {
				ALWAYS_SEARCH_USER_PATHS = NO;
				ASSETCATALOG_COMPILER_GENERATE_SWIFT_ASSET_SYMBOL_EXTENSIONS = YES;
				CLANG_ANALYZER_NONNULL = YES;
				CLANG_ANALYZER_NUMBER_OBJECT_CONVERSION = YES_AGGRESSIVE;
				CLANG_CXX_LANGUAGE_STANDARD = "gnu++20";
				CLANG_ENABLE_MODULES = YES;
				CLANG_ENABLE_OBJC_ARC = YES;
				CLANG_ENABLE_OBJC_WEAK = YES;
				CLANG_WARN_BLOCK_CAPTURE_AUTORELEASING = YES;
				CLANG_WARN_BOOL_CONVERSION = YES;
				CLANG_WARN_COMMA = YES;
				CLANG_WARN_CONSTANT_CONVERSION = YES;
				CLANG_WARN_DEPRECATED_OBJC_IMPLEMENTATIONS = YES;
				CLANG_WARN_DIRECT_OBJC_ISA_USAGE = YES_ERROR;
				CLANG_WARN_DOCUMENTATION_COMMENTS = YES;
				CLANG_WARN_EMPTY_BODY = YES;
				CLANG_WARN_ENUM_CONVERSION = YES;
				CLANG_WARN_INFINITE_RECURSION = YES;
				CLANG_WARN_INT_CONVERSION = YES;
				CLANG_WARN_NON_LITERAL_NULL_CONVERSION = YES;
				CLANG_WARN_OBJC_IMPLICIT_RETAIN_SELF = YES;
				CLANG_WARN_OBJC_LITERAL_CONVERSION = YES;
				CLANG_WARN_OBJC_ROOT_CLASS = YES_ERROR;
				CLANG_WARN_QUOTED_INCLUDE_IN_FRAMEWORK_HEADER = YES;
				CLANG_WARN_RANGE_LOOP_ANALYSIS = YES;
				CLANG_WARN_STRICT_PROTOTYPES = YES;
				CLANG_WARN_SUSPICIOUS_MOVE = YES;
				CLANG_WARN_UNGUARDED_AVAILABILITY = YES_AGGRESSIVE;
				CLANG_WARN_UNREACHABLE_CODE = YES;
				CLANG_WARN__DUPLICATE_METHOD_MATCH = YES;
				COPY_PHASE_STRIP = NO;
				DEBUG_INFORMATION_FORMAT = dwarf;
				ENABLE_STRICT_OBJC_MSGSEND = YES;
				ENABLE_TESTABILITY = YES;
				ENABLE_USER_SCRIPT_SANDBOXING = YES;
				GCC_C_LANGUAGE_STANDARD = gnu17;
				GCC_DYNAMIC_NO_PIC = NO;
				GCC_NO_COMMON_BLOCKS = YES;
				GCC_OPTIMIZATION_LEVEL = 0;
				GCC_PREPROCESSOR_DEFINITIONS = (
					"DEBUG=1",
					"$(inherited)",
				);
				GCC_WARN_64_TO_32_BIT_CONVERSION = YES;
				GCC_WARN_ABOUT_RETURN_TYPE = YES_ERROR;
				GCC_WARN_UNDECLARED_SELECTOR = YES;
				GCC_WARN_UNINITIALIZED_AUTOS = YES_AGGRESSIVE;
				GCC_WARN_UNUSED_FUNCTION = YES;
				GCC_WARN_UNUSED_VARIABLE = YES;
				IPHONEOS_DEPLOYMENT_TARGET = 17.0;
				LOCALIZATION_PREFERS_STRING_CATALOGS = YES;
				MTL_ENABLE_DEBUG_INFO = INCLUDE_SOURCE;
				MTL_FAST_MATH = YES;
				ONLY_ACTIVE_ARCH = YES;
				SDKROOT = iphoneos;
				SWIFT_ACTIVE_COMPILATION_CONDITIONS = "DEBUG $(inherited)";
				SWIFT_OPTIMIZATION_LEVEL = "-Onone";
			};
			name = Debug;
		};
		B22B6F272B516CD30044E0F7 /* Release */ = {
			isa = XCBuildConfiguration;
			buildSettings = {
				ALWAYS_SEARCH_USER_PATHS = NO;
				ASSETCATALOG_COMPILER_GENERATE_SWIFT_ASSET_SYMBOL_EXTENSIONS = YES;
				CLANG_ANALYZER_NONNULL = YES;
				CLANG_ANALYZER_NUMBER_OBJECT_CONVERSION = YES_AGGRESSIVE;
				CLANG_CXX_LANGUAGE_STANDARD = "gnu++20";
				CLANG_ENABLE_MODULES = YES;
				CLANG_ENABLE_OBJC_ARC = YES;
				CLANG_ENABLE_OBJC_WEAK = YES;
				CLANG_WARN_BLOCK_CAPTURE_AUTORELEASING = YES;
				CLANG_WARN_BOOL_CONVERSION = YES;
				CLANG_WARN_COMMA = YES;
				CLANG_WARN_CONSTANT_CONVERSION = YES;
				CLANG_WARN_DEPRECATED_OBJC_IMPLEMENTATIONS = YES;
				CLANG_WARN_DIRECT_OBJC_ISA_USAGE = YES_ERROR;
				CLANG_WARN_DOCUMENTATION_COMMENTS = YES;
				CLANG_WARN_EMPTY_BODY = YES;
				CLANG_WARN_ENUM_CONVERSION = YES;
				CLANG_WARN_INFINITE_RECURSION = YES;
				CLANG_WARN_INT_CONVERSION = YES;
				CLANG_WARN_NON_LITERAL_NULL_CONVERSION = YES;
				CLANG_WARN_OBJC_IMPLICIT_RETAIN_SELF = YES;
				CLANG_WARN_OBJC_LITERAL_CONVERSION = YES;
				CLANG_WARN_OBJC_ROOT_CLASS = YES_ERROR;
				CLANG_WARN_QUOTED_INCLUDE_IN_FRAMEWORK_HEADER = YES;
				CLANG_WARN_RANGE_LOOP_ANALYSIS = YES;
				CLANG_WARN_STRICT_PROTOTYPES = YES;
				CLANG_WARN_SUSPICIOUS_MOVE = YES;
				CLANG_WARN_UNGUARDED_AVAILABILITY = YES_AGGRESSIVE;
				CLANG_WARN_UNREACHABLE_CODE = YES;
				CLANG_WARN__DUPLICATE_METHOD_MATCH = YES;
				COPY_PHASE_STRIP = NO;
				DEBUG_INFORMATION_FORMAT = "dwarf-with-dsym";
				ENABLE_NS_ASSERTIONS = NO;
				ENABLE_STRICT_OBJC_MSGSEND = YES;
				ENABLE_USER_SCRIPT_SANDBOXING = YES;
				GCC_C_LANGUAGE_STANDARD = gnu17;
				GCC_NO_COMMON_BLOCKS = YES;
				GCC_WARN_64_TO_32_BIT_CONVERSION = YES;
				GCC_WARN_ABOUT_RETURN_TYPE = YES_ERROR;
				GCC_WARN_UNDECLARED_SELECTOR = YES;
				GCC_WARN_UNINITIALIZED_AUTOS = YES_AGGRESSIVE;
				GCC_WARN_UNUSED_FUNCTION = YES;
				GCC_WARN_UNUSED_VARIABLE = YES;
				IPHONEOS_DEPLOYMENT_TARGET = 17.0;
				LOCALIZATION_PREFERS_STRING_CATALOGS = YES;
				MTL_ENABLE_DEBUG_INFO = NO;
				MTL_FAST_MATH = YES;
				SDKROOT = iphoneos;
				SWIFT_COMPILATION_MODE = wholemodule;
				VALIDATE_PRODUCT = YES;
			};
			name = Release;
		};
		B22B6F292B516CD30044E0F7 /* Debug */ = {
			isa = XCBuildConfiguration;
			buildSettings = {
				ASSETCATALOG_COMPILER_APPICON_NAME = AppIcon;
				ASSETCATALOG_COMPILER_GLOBAL_ACCENT_COLOR_NAME = AccentColor;
				CODE_SIGN_STYLE = Automatic;
				CURRENT_PROJECT_VERSION = 1;
				DEVELOPMENT_TEAM = 227LV95S87;
				GENERATE_INFOPLIST_FILE = YES;
				INFOPLIST_FILE = JambleTest/Info.plist;
				INFOPLIST_KEY_UIApplicationSupportsIndirectInputEvents = YES;
				INFOPLIST_KEY_UILaunchStoryboardName = LaunchScreen;
				INFOPLIST_KEY_UISupportedInterfaceOrientations_iPad = "UIInterfaceOrientationPortrait UIInterfaceOrientationPortraitUpsideDown UIInterfaceOrientationLandscapeLeft UIInterfaceOrientationLandscapeRight";
				INFOPLIST_KEY_UISupportedInterfaceOrientations_iPhone = "UIInterfaceOrientationPortrait UIInterfaceOrientationLandscapeLeft UIInterfaceOrientationLandscapeRight";
				LD_RUNPATH_SEARCH_PATHS = (
					"$(inherited)",
					"@executable_path/Frameworks",
				);
				MARKETING_VERSION = 1.0;
				PRODUCT_BUNDLE_IDENTIFIER = ben.practice.JambleTest;
				PRODUCT_NAME = "$(TARGET_NAME)";
				SWIFT_EMIT_LOC_STRINGS = YES;
				SWIFT_VERSION = 5.0;
				TARGETED_DEVICE_FAMILY = "1,2";
			};
			name = Debug;
		};
		B22B6F2A2B516CD30044E0F7 /* Release */ = {
			isa = XCBuildConfiguration;
			buildSettings = {
				ASSETCATALOG_COMPILER_APPICON_NAME = AppIcon;
				ASSETCATALOG_COMPILER_GLOBAL_ACCENT_COLOR_NAME = AccentColor;
				CODE_SIGN_STYLE = Automatic;
				CURRENT_PROJECT_VERSION = 1;
				DEVELOPMENT_TEAM = 227LV95S87;
				GENERATE_INFOPLIST_FILE = YES;
				INFOPLIST_FILE = JambleTest/Info.plist;
				INFOPLIST_KEY_UIApplicationSupportsIndirectInputEvents = YES;
				INFOPLIST_KEY_UILaunchStoryboardName = LaunchScreen;
				INFOPLIST_KEY_UISupportedInterfaceOrientations_iPad = "UIInterfaceOrientationPortrait UIInterfaceOrientationPortraitUpsideDown UIInterfaceOrientationLandscapeLeft UIInterfaceOrientationLandscapeRight";
				INFOPLIST_KEY_UISupportedInterfaceOrientations_iPhone = "UIInterfaceOrientationPortrait UIInterfaceOrientationLandscapeLeft UIInterfaceOrientationLandscapeRight";
				LD_RUNPATH_SEARCH_PATHS = (
					"$(inherited)",
					"@executable_path/Frameworks",
				);
				MARKETING_VERSION = 1.0;
				PRODUCT_BUNDLE_IDENTIFIER = ben.practice.JambleTest;
				PRODUCT_NAME = "$(TARGET_NAME)";
				SWIFT_EMIT_LOC_STRINGS = YES;
				SWIFT_VERSION = 5.0;
				TARGETED_DEVICE_FAMILY = "1,2";
			};
			name = Release;
		};
		B22B6F2C2B516CD30044E0F7 /* Debug */ = {
			isa = XCBuildConfiguration;
			buildSettings = {
				ALWAYS_EMBED_SWIFT_STANDARD_LIBRARIES = YES;
				BUNDLE_LOADER = "$(TEST_HOST)";
				CODE_SIGN_STYLE = Automatic;
				CURRENT_PROJECT_VERSION = 1;
				DEVELOPMENT_TEAM = 227LV95S87;
				GENERATE_INFOPLIST_FILE = YES;
				IPHONEOS_DEPLOYMENT_TARGET = 17.0;
				MARKETING_VERSION = 1.0;
				PRODUCT_BUNDLE_IDENTIFIER = ben.practice.JambleTestTests;
				PRODUCT_NAME = "$(TARGET_NAME)";
				SWIFT_EMIT_LOC_STRINGS = NO;
				SWIFT_VERSION = 5.0;
				TARGETED_DEVICE_FAMILY = "1,2";
				TEST_HOST = "$(BUILT_PRODUCTS_DIR)/JambleTest.app/$(BUNDLE_EXECUTABLE_FOLDER_PATH)/JambleTest";
			};
			name = Debug;
		};
		B22B6F2D2B516CD30044E0F7 /* Release */ = {
			isa = XCBuildConfiguration;
			buildSettings = {
				ALWAYS_EMBED_SWIFT_STANDARD_LIBRARIES = YES;
				BUNDLE_LOADER = "$(TEST_HOST)";
				CODE_SIGN_STYLE = Automatic;
				CURRENT_PROJECT_VERSION = 1;
				DEVELOPMENT_TEAM = 227LV95S87;
				GENERATE_INFOPLIST_FILE = YES;
				IPHONEOS_DEPLOYMENT_TARGET = 17.0;
				MARKETING_VERSION = 1.0;
				PRODUCT_BUNDLE_IDENTIFIER = ben.practice.JambleTestTests;
				PRODUCT_NAME = "$(TARGET_NAME)";
				SWIFT_EMIT_LOC_STRINGS = NO;
				SWIFT_VERSION = 5.0;
				TARGETED_DEVICE_FAMILY = "1,2";
				TEST_HOST = "$(BUILT_PRODUCTS_DIR)/JambleTest.app/$(BUNDLE_EXECUTABLE_FOLDER_PATH)/JambleTest";
			};
			name = Release;
		};
		B22B6F2F2B516CD30044E0F7 /* Debug */ = {
			isa = XCBuildConfiguration;
			buildSettings = {
				ALWAYS_EMBED_SWIFT_STANDARD_LIBRARIES = YES;
				CODE_SIGN_STYLE = Automatic;
				CURRENT_PROJECT_VERSION = 1;
				DEVELOPMENT_TEAM = 227LV95S87;
				GENERATE_INFOPLIST_FILE = YES;
				MARKETING_VERSION = 1.0;
				PRODUCT_BUNDLE_IDENTIFIER = ben.practice.JambleTestUITests;
				PRODUCT_NAME = "$(TARGET_NAME)";
				SWIFT_EMIT_LOC_STRINGS = NO;
				SWIFT_VERSION = 5.0;
				TARGETED_DEVICE_FAMILY = "1,2";
				TEST_TARGET_NAME = JambleTest;
			};
			name = Debug;
		};
		B22B6F302B516CD30044E0F7 /* Release */ = {
			isa = XCBuildConfiguration;
			buildSettings = {
				ALWAYS_EMBED_SWIFT_STANDARD_LIBRARIES = YES;
				CODE_SIGN_STYLE = Automatic;
				CURRENT_PROJECT_VERSION = 1;
				DEVELOPMENT_TEAM = 227LV95S87;
				GENERATE_INFOPLIST_FILE = YES;
				MARKETING_VERSION = 1.0;
				PRODUCT_BUNDLE_IDENTIFIER = ben.practice.JambleTestUITests;
				PRODUCT_NAME = "$(TARGET_NAME)";
				SWIFT_EMIT_LOC_STRINGS = NO;
				SWIFT_VERSION = 5.0;
				TARGETED_DEVICE_FAMILY = "1,2";
				TEST_TARGET_NAME = JambleTest;
			};
			name = Release;
		};
/* End XCBuildConfiguration section */

/* Begin XCConfigurationList section */
		B22B6EF92B516CD20044E0F7 /* Build configuration list for PBXProject "JambleTest" */ = {
			isa = XCConfigurationList;
			buildConfigurations = (
				B22B6F262B516CD30044E0F7 /* Debug */,
				B22B6F272B516CD30044E0F7 /* Release */,
			);
			defaultConfigurationIsVisible = 0;
			defaultConfigurationName = Release;
		};
		B22B6F282B516CD30044E0F7 /* Build configuration list for PBXNativeTarget "JambleTest" */ = {
			isa = XCConfigurationList;
			buildConfigurations = (
				B22B6F292B516CD30044E0F7 /* Debug */,
				B22B6F2A2B516CD30044E0F7 /* Release */,
			);
			defaultConfigurationIsVisible = 0;
			defaultConfigurationName = Release;
		};
		B22B6F2B2B516CD30044E0F7 /* Build configuration list for PBXNativeTarget "JambleTestTests" */ = {
			isa = XCConfigurationList;
			buildConfigurations = (
				B22B6F2C2B516CD30044E0F7 /* Debug */,
				B22B6F2D2B516CD30044E0F7 /* Release */,
			);
			defaultConfigurationIsVisible = 0;
			defaultConfigurationName = Release;
		};
		B22B6F2E2B516CD30044E0F7 /* Build configuration list for PBXNativeTarget "JambleTestUITests" */ = {
			isa = XCConfigurationList;
			buildConfigurations = (
				B22B6F2F2B516CD30044E0F7 /* Debug */,
				B22B6F302B516CD30044E0F7 /* Release */,
			);
			defaultConfigurationIsVisible = 0;
			defaultConfigurationName = Release;
		};
/* End XCConfigurationList section */
	};
	rootObject = B22B6EF62B516CD20044E0F7 /* Project object */;
}
