// !$*UTF8*$!
{
	archiveVersion = 1;
	classes = {
	};
	objectVersion = 56;
	objects = {

/* Begin PBXBuildFile section */
		B22B6F022B516CD20044E0F7 /* AppDelegate.swift in Sources */ = {isa = PBXBuildFile; fileRef = B22B6F012B516CD20044E0F7 /* AppDelegate.swift */; };
		B22B6F042B516CD20044E0F7 /* SceneDelegate.swift in Sources */ = {isa = PBXBuildFile; fileRef = B22B6F032B516CD20044E0F7 /* SceneDelegate.swift */; };
		B22B6F0B2B516CD30044E0F7 /* Assets.xcassets in Resources */ = {isa = PBXBuildFile; fileRef = B22B6F0A2B516CD30044E0F7 /* Assets.xcassets */; };
		B22B6F0E2B516CD30044E0F7 /* LaunchScreen.storyboard in Resources */ = {isa = PBXBuildFile; fileRef = B22B6F0C2B516CD30044E0F7 /* LaunchScreen.storyboard */; };
		B22B6F192B516CD30044E0F7 /* ApplicationNavigatorCoordinatorTests.swift in Sources */ = {isa = PBXBuildFile; fileRef = B22B6F182B516CD30044E0F7 /* ApplicationNavigatorCoordinatorTests.swift */; };
		B22B6F3C2B516E4E0044E0F7 /* Product.swift in Sources */ = {isa = PBXBuildFile; fileRef = B22B6F3B2B516E4E0044E0F7 /* Product.swift */; };
		B22B6F3E2B516FE00044E0F7 /* Currency.swift in Sources */ = {isa = PBXBuildFile; fileRef = B22B6F3D2B516FE00044E0F7 /* Currency.swift */; };
		B22B6F412B5175A80044E0F7 /* Color+Ext.swift in Sources */ = {isa = PBXBuildFile; fileRef = B22B6F402B5175A80044E0F7 /* Color+Ext.swift */; };
		B22B6F472B51765F0044E0F7 /* Products.swift in Sources */ = {isa = PBXBuildFile; fileRef = B22B6F462B51765F0044E0F7 /* Products.swift */; };
		B22B6F492B51789A0044E0F7 /* ProductUseCase.swift in Sources */ = {isa = PBXBuildFile; fileRef = B22B6F482B51789A0044E0F7 /* ProductUseCase.swift */; };
		B22B6F4C2B5178E50044E0F7 /* AutoMockable.swift in Sources */ = {isa = PBXBuildFile; fileRef = B22B6F4B2B5178E50044E0F7 /* AutoMockable.swift */; };
		B22B6F772B517A030044E0F7 /* NetworkServiceType.swift in Sources */ = {isa = PBXBuildFile; fileRef = B22B6F602B517A030044E0F7 /* NetworkServiceType.swift */; };
		B22B6F782B517A030044E0F7 /* NetworkService.swift in Sources */ = {isa = PBXBuildFile; fileRef = B22B6F612B517A030044E0F7 /* NetworkService.swift */; };
		B22B6F7A2B517A030044E0F7 /* ServicesProvider.swift in Sources */ = {isa = PBXBuildFile; fileRef = B22B6F632B517A030044E0F7 /* ServicesProvider.swift */; };
		B22B6F7B2B517A030044E0F7 /* ImageCache.swift in Sources */ = {isa = PBXBuildFile; fileRef = B22B6F652B517A030044E0F7 /* ImageCache.swift */; };
		B22B6F7C2B517A030044E0F7 /* ImageLoaderService.swift in Sources */ = {isa = PBXBuildFile; fileRef = B22B6F662B517A030044E0F7 /* ImageLoaderService.swift */; };
		B22B6F7D2B517A030044E0F7 /* ImageLoaderServiceType.swift in Sources */ = {isa = PBXBuildFile; fileRef = B22B6F672B517A030044E0F7 /* ImageLoaderServiceType.swift */; };
		B22B6F7E2B517A030044E0F7 /* Scheduler.swift in Sources */ = {isa = PBXBuildFile; fileRef = B22B6F682B517A030044E0F7 /* Scheduler.swift */; };
		B22B6F802B517A980044E0F7 /* Resource.swift in Sources */ = {isa = PBXBuildFile; fileRef = B22B6F7F2B517A980044E0F7 /* Resource.swift */; };
		B22B6F822B517AD90044E0F7 /* Publisher+Ext.swift in Sources */ = {isa = PBXBuildFile; fileRef = B22B6F812B517AD90044E0F7 /* Publisher+Ext.swift */; };
		B22B6F842B517B700044E0F7 /* ServiceType.swift in Sources */ = {isa = PBXBuildFile; fileRef = B22B6F832B517B700044E0F7 /* ServiceType.swift */; };
		B22B6F872B517BE20044E0F7 /* JsonServiceType.swift in Sources */ = {isa = PBXBuildFile; fileRef = B22B6F862B517BE20044E0F7 /* JsonServiceType.swift */; };
		B22B6F892B517C200044E0F7 /* JsonResource.swift in Sources */ = {isa = PBXBuildFile; fileRef = B22B6F882B517C200044E0F7 /* JsonResource.swift */; };
		B22B6F8C2B517E170044E0F7 /* products.json in Resources */ = {isa = PBXBuildFile; fileRef = B22B6F8B2B517E170044E0F7 /* products.json */; };
		B22B6F8F2B517E3B0044E0F7 /* Constants.swift in Sources */ = {isa = PBXBuildFile; fileRef = B22B6F8E2B517E3B0044E0F7 /* Constants.swift */; };
		B22B6F912B517F690044E0F7 /* JsonService.swift in Sources */ = {isa = PBXBuildFile; fileRef = B22B6F902B517F690044E0F7 /* JsonService.swift */; };
		B22B6F972B518C050044E0F7 /* ProductsViewController.swift in Sources */ = {isa = PBXBuildFile; fileRef = B22B6F962B518C050044E0F7 /* ProductsViewController.swift */; };
		B22B6F992B518C600044E0F7 /* ProductsViewModel.swift in Sources */ = {isa = PBXBuildFile; fileRef = B22B6F982B518C600044E0F7 /* ProductsViewModel.swift */; };
		B22B6F9C2B518DE90044E0F7 /* ProductCollectionViewCell.swift in Sources */ = {isa = PBXBuildFile; fileRef = B22B6F9A2B518DE90044E0F7 /* ProductCollectionViewCell.swift */; };
		B22B6F9D2B518DE90044E0F7 /* ProductCollectionViewCell.xib in Resources */ = {isa = PBXBuildFile; fileRef = B22B6F9B2B518DE90044E0F7 /* ProductCollectionViewCell.xib */; };
		B22B6F9F2B518E910044E0F7 /* UICollectionView+Ext.swift in Sources */ = {isa = PBXBuildFile; fileRef = B22B6F9E2B518E910044E0F7 /* UICollectionView+Ext.swift */; };
		B22B6FDD2B51AF750044E0F7 /* MockData.swift in Sources */ = {isa = PBXBuildFile; fileRef = B22B6FDC2B51AF750044E0F7 /* MockData.swift */; };
		B22B6FDF2B51BBB50044E0F7 /* SearchField+Ext.swift in Sources */ = {isa = PBXBuildFile; fileRef = B22B6FDE2B51BBB50044E0F7 /* SearchField+Ext.swift */; };
		B22B6FE22B51C6260044E0F7 /* NavigatorCoordinator.swift in Sources */ = {isa = PBXBuildFile; fileRef = B22B6FE12B51C6260044E0F7 /* NavigatorCoordinator.swift */; };
		B22B6FE42B51C65A0044E0F7 /* ApplicationNavigatorCoordinator.swift in Sources */ = {isa = PBXBuildFile; fileRef = B22B6FE32B51C65A0044E0F7 /* ApplicationNavigatorCoordinator.swift */; };
		B22B6FE62B51C68C0044E0F7 /* ApplicationComponentsFactory.swift in Sources */ = {isa = PBXBuildFile; fileRef = B22B6FE52B51C68C0044E0F7 /* ApplicationComponentsFactory.swift */; };
		B22B6FE82B51C7D60044E0F7 /* ProductsViewNavigator.swift in Sources */ = {isa = PBXBuildFile; fileRef = B22B6FE72B51C7D60044E0F7 /* ProductsViewNavigator.swift */; };
		B22B6FEA2B51C86F0044E0F7 /* ApplicationCoordinatorDependencyProviders.swift in Sources */ = {isa = PBXBuildFile; fileRef = B22B6FE92B51C86F0044E0F7 /* ApplicationCoordinatorDependencyProviders.swift */; };
		B22B6FEC2B51C9520044E0F7 /* ProductsNavigatorCoordinator.swift in Sources */ = {isa = PBXBuildFile; fileRef = B22B6FEB2B51C9520044E0F7 /* ProductsNavigatorCoordinator.swift */; };
		B22B6FEE2B51CB510044E0F7 /* ProductsViewModelType.swift in Sources */ = {isa = PBXBuildFile; fileRef = B22B6FED2B51CB510044E0F7 /* ProductsViewModelType.swift */; };
		B22B6FF02B52DF420044E0F7 /* Size.swift in Sources */ = {isa = PBXBuildFile; fileRef = B22B6FEF2B52DF420044E0F7 /* Size.swift */; };
		B22B6FF32B52F1960044E0F7 /* RoundedCornerButton.swift in Sources */ = {isa = PBXBuildFile; fileRef = B22B6FF22B52F1960044E0F7 /* RoundedCornerButton.swift */; };
		B22B6FF52B52F6EF0044E0F7 /* Color.swift in Sources */ = {isa = PBXBuildFile; fileRef = B22B6FF42B52F6EF0044E0F7 /* Color.swift */; };
		B22B6FF72B5304040044E0F7 /* Localizable.xcstrings in Resources */ = {isa = PBXBuildFile; fileRef = B22B6FF62B5304040044E0F7 /* Localizable.xcstrings */; };
		B22B6FF92B5314D30044E0F7 /* JambleActionButton.swift in Sources */ = {isa = PBXBuildFile; fileRef = B22B6FF82B5314D30044E0F7 /* JambleActionButton.swift */; };
		B22B6FFE2B5328C80044E0F7 /* NoContentViewController.swift in Sources */ = {isa = PBXBuildFile; fileRef = B22B6FFD2B5328C80044E0F7 /* NoContentViewController.swift */; };
		B22B70002B53295C0044E0F7 /* NoContentViewModel.swift in Sources */ = {isa = PBXBuildFile; fileRef = B22B6FFF2B53295C0044E0F7 /* NoContentViewModel.swift */; };
		B22B70022B532AB20044E0F7 /* UIViewController+Child.swift in Sources */ = {isa = PBXBuildFile; fileRef = B22B70012B532AB20044E0F7 /* UIViewController+Child.swift */; };
		B22B70062B5450C20044E0F7 /* ProductDTO.swift in Sources */ = {isa = PBXBuildFile; fileRef = B22B70052B5450C20044E0F7 /* ProductDTO.swift */; };
		B22B70092B5451880044E0F7 /* ProductMapper.swift in Sources */ = {isa = PBXBuildFile; fileRef = B22B70082B5451880044E0F7 /* ProductMapper.swift */; };
		B22B700C2B5453B70044E0F7 /* ProductRepository.swift in Sources */ = {isa = PBXBuildFile; fileRef = B22B700B2B5453B70044E0F7 /* ProductRepository.swift */; };
		B22B700F2B5454380044E0F7 /* ProductRepositoryImpl.swift in Sources */ = {isa = PBXBuildFile; fileRef = B22B700E2B5454380044E0F7 /* ProductRepositoryImpl.swift */; };
		B22B70152B5466480044E0F7 /* Inject.swift in Sources */ = {isa = PBXBuildFile; fileRef = B22B70142B5466480044E0F7 /* Inject.swift */; };
		B22B70172B5466770044E0F7 /* InjectSettings.swift in Sources */ = {isa = PBXBuildFile; fileRef = B22B70162B5466770044E0F7 /* InjectSettings.swift */; };
		B22B70192B5466890044E0F7 /* Resolver.swift in Sources */ = {isa = PBXBuildFile; fileRef = B22B70182B5466890044E0F7 /* Resolver.swift */; };
		B22B70202B546A330044E0F7 /* Swinject in Frameworks */ = {isa = PBXBuildFile; productRef = B22B701F2B546A330044E0F7 /* Swinject */; };
		B22B70222B546A360044E0F7 /* Swinject-Dynamic in Frameworks */ = {isa = PBXBuildFile; productRef = B22B70212B546A360044E0F7 /* Swinject-Dynamic */; };
		B22B70242B546A360044E0F7 /* Swinject-Dynamic in Embed Frameworks */ = {isa = PBXBuildFile; productRef = B22B70212B546A360044E0F7 /* Swinject-Dynamic */; settings = {ATTRIBUTES = (CodeSignOnCopy, ); }; };
		B22B70272B54739E0044E0F7 /* ProductDetailsViewController.swift in Sources */ = {isa = PBXBuildFile; fileRef = B22B70262B54739E0044E0F7 /* ProductDetailsViewController.swift */; };
		B22B70292B5477410044E0F7 /* ProductDetailsViewModel.swift in Sources */ = {isa = PBXBuildFile; fileRef = B22B70282B5477410044E0F7 /* ProductDetailsViewModel.swift */; };
		B22B702B2B54776F0044E0F7 /* ProductDetailsViewModelType.swift in Sources */ = {isa = PBXBuildFile; fileRef = B22B702A2B54776F0044E0F7 /* ProductDetailsViewModelType.swift */; };
		B22B702D2B5479920044E0F7 /* ProductDetailsUseCase.swift in Sources */ = {isa = PBXBuildFile; fileRef = B22B702C2B5479920044E0F7 /* ProductDetailsUseCase.swift */; };
		B22B702F2B55596A0044E0F7 /* UIViewController+Keyboard.swift in Sources */ = {isa = PBXBuildFile; fileRef = B22B702E2B55596A0044E0F7 /* UIViewController+Keyboard.swift */; };
		B22B70332B556F010044E0F7 /* Resource+Products.swift in Sources */ = {isa = PBXBuildFile; fileRef = B22B70322B556F010044E0F7 /* Resource+Products.swift */; };
		B22B70352B5575FC0044E0F7 /* ProductsCellDelegate.swift in Sources */ = {isa = PBXBuildFile; fileRef = B22B70342B5575FC0044E0F7 /* ProductsCellDelegate.swift */; };
		B22B70372B55A8350044E0F7 /* Bookmarks.swift in Sources */ = {isa = PBXBuildFile; fileRef = B22B70362B55A8350044E0F7 /* Bookmarks.swift */; };
		B22B70392B55B5C50044E0F7 /* UIView+Ext.swift in Sources */ = {isa = PBXBuildFile; fileRef = B22B70382B55B5C50044E0F7 /* UIView+Ext.swift */; };
		B22B703C2B55C7650044E0F7 /* Podfile in Resources */ = {isa = PBXBuildFile; fileRef = B22B703B2B55C7650044E0F7 /* Podfile */; };
		B2F8DCD22B55D24700FAF4D8 /* sourcery_automockable_config.yml in Resources */ = {isa = PBXBuildFile; fileRef = B2F8DCD12B55D24700FAF4D8 /* sourcery_automockable_config.yml */; };
		B2F8DCE22B55EF5900FAF4D8 /* ProductsViewModelTests.swift in Sources */ = {isa = PBXBuildFile; fileRef = B2F8DCE12B55EF5900FAF4D8 /* ProductsViewModelTests.swift */; };
		B2F8DCEA2B55FA2500FAF4D8 /* JsonReader.swift in Sources */ = {isa = PBXBuildFile; fileRef = B2F8DCE92B55FA2500FAF4D8 /* JsonReader.swift */; };
		B2F8DCEE2B56D5DB00FAF4D8 /* LikeUseCase.swift in Sources */ = {isa = PBXBuildFile; fileRef = B2F8DCED2B56D5DB00FAF4D8 /* LikeUseCase.swift */; };
		B2F8DCF42B57011100FAF4D8 /* JsonServiceTest.swift in Sources */ = {isa = PBXBuildFile; fileRef = B2F8DCF32B57011100FAF4D8 /* JsonServiceTest.swift */; };
		B2F8DCF62B5701AA00FAF4D8 /* URLProtocolMock.swift in Sources */ = {isa = PBXBuildFile; fileRef = B2F8DCF52B5701AA00FAF4D8 /* URLProtocolMock.swift */; };
		B2F8DCF92B5706FC00FAF4D8 /* ProductUseCaseTests.swift in Sources */ = {isa = PBXBuildFile; fileRef = B2F8DCF82B5706FC00FAF4D8 /* ProductUseCaseTests.swift */; };
		B2F8DCFD2B570DD200FAF4D8 /* ProductDetailsUseCaseTests.swift in Sources */ = {isa = PBXBuildFile; fileRef = B2F8DCFC2B570DD200FAF4D8 /* ProductDetailsUseCaseTests.swift */; };
		B2F8DD002B5711DC00FAF4D8 /* ProductRepositoryTests.swift in Sources */ = {isa = PBXBuildFile; fileRef = B2F8DCFF2B5711DC00FAF4D8 /* ProductRepositoryTests.swift */; };
		B2F8DD0E2B57344F00FAF4D8 /* XCTTestCase+Ext.swift in Sources */ = {isa = PBXBuildFile; fileRef = B2F8DD0D2B57344F00FAF4D8 /* XCTTestCase+Ext.swift */; };
		B2F8DD122B573D2200FAF4D8 /* JsonServiceProductDTOMock.swift in Sources */ = {isa = PBXBuildFile; fileRef = B2F8DD112B573D2200FAF4D8 /* JsonServiceProductDTOMock.swift */; };
		B2F8DD142B5741A900FAF4D8 /* AutoMockable.swift in Sources */ = {isa = PBXBuildFile; fileRef = B2F8DD132B5741A900FAF4D8 /* AutoMockable.swift */; };
/* End PBXBuildFile section */

/* Begin PBXContainerItemProxy section */
		B22B6F152B516CD30044E0F7 /* PBXContainerItemProxy */ = {
			isa = PBXContainerItemProxy;
			containerPortal = B22B6EF62B516CD20044E0F7 /* Project object */;
			proxyType = 1;
			remoteGlobalIDString = B22B6EFD2B516CD20044E0F7;
			remoteInfo = JambleTest;
		};
/* End PBXContainerItemProxy section */

/* Begin PBXCopyFilesBuildPhase section */
		B22B70232B546A360044E0F7 /* Embed Frameworks */ = {
			isa = PBXCopyFilesBuildPhase;
			buildActionMask = 2147483647;
			dstPath = "";
			dstSubfolderSpec = 10;
			files = (
				B22B70242B546A360044E0F7 /* Swinject-Dynamic in Embed Frameworks */,
			);
			name = "Embed Frameworks";
			runOnlyForDeploymentPostprocessing = 0;
		};
/* End PBXCopyFilesBuildPhase section */

/* Begin PBXFileReference section */
		4177D82F396C37BDD5D33789 /* libPods-JambleTest.a */ = {isa = PBXFileReference; explicitFileType = archive.ar; includeInIndex = 0; path = "libPods-JambleTest.a"; sourceTree = BUILT_PRODUCTS_DIR; };
		82DD0E2EC1CCA4C048B61EC5 /* Pods-JambleTest.debug.xcconfig */ = {isa = PBXFileReference; includeInIndex = 1; lastKnownFileType = text.xcconfig; name = "Pods-JambleTest.debug.xcconfig"; path = "Target Support Files/Pods-JambleTest/Pods-JambleTest.debug.xcconfig"; sourceTree = "<group>"; };
		B22B6EFE2B516CD20044E0F7 /* JambleTest.app */ = {isa = PBXFileReference; explicitFileType = wrapper.application; includeInIndex = 0; path = JambleTest.app; sourceTree = BUILT_PRODUCTS_DIR; };
		B22B6F012B516CD20044E0F7 /* AppDelegate.swift */ = {isa = PBXFileReference; lastKnownFileType = sourcecode.swift; path = AppDelegate.swift; sourceTree = "<group>"; };
		B22B6F032B516CD20044E0F7 /* SceneDelegate.swift */ = {isa = PBXFileReference; lastKnownFileType = sourcecode.swift; path = SceneDelegate.swift; sourceTree = "<group>"; };
		B22B6F0A2B516CD30044E0F7 /* Assets.xcassets */ = {isa = PBXFileReference; lastKnownFileType = folder.assetcatalog; path = Assets.xcassets; sourceTree = "<group>"; };
		B22B6F0D2B516CD30044E0F7 /* Base */ = {isa = PBXFileReference; lastKnownFileType = file.storyboard; name = Base; path = Base.lproj/LaunchScreen.storyboard; sourceTree = "<group>"; };
		B22B6F0F2B516CD30044E0F7 /* Info.plist */ = {isa = PBXFileReference; lastKnownFileType = text.plist.xml; path = Info.plist; sourceTree = "<group>"; };
		B22B6F142B516CD30044E0F7 /* JambleTestTests.xctest */ = {isa = PBXFileReference; explicitFileType = wrapper.cfbundle; includeInIndex = 0; path = JambleTestTests.xctest; sourceTree = BUILT_PRODUCTS_DIR; };
		B22B6F182B516CD30044E0F7 /* ApplicationNavigatorCoordinatorTests.swift */ = {isa = PBXFileReference; lastKnownFileType = sourcecode.swift; path = ApplicationNavigatorCoordinatorTests.swift; sourceTree = "<group>"; };
		B22B6F3B2B516E4E0044E0F7 /* Product.swift */ = {isa = PBXFileReference; lastKnownFileType = sourcecode.swift; path = Product.swift; sourceTree = "<group>"; };
		B22B6F3D2B516FE00044E0F7 /* Currency.swift */ = {isa = PBXFileReference; lastKnownFileType = sourcecode.swift; path = Currency.swift; sourceTree = "<group>"; };
		B22B6F402B5175A80044E0F7 /* Color+Ext.swift */ = {isa = PBXFileReference; lastKnownFileType = sourcecode.swift; path = "Color+Ext.swift"; sourceTree = "<group>"; };
		B22B6F462B51765F0044E0F7 /* Products.swift */ = {isa = PBXFileReference; lastKnownFileType = sourcecode.swift; path = Products.swift; sourceTree = "<group>"; };
		B22B6F482B51789A0044E0F7 /* ProductUseCase.swift */ = {isa = PBXFileReference; lastKnownFileType = sourcecode.swift; path = ProductUseCase.swift; sourceTree = "<group>"; };
		B22B6F4B2B5178E50044E0F7 /* AutoMockable.swift */ = {isa = PBXFileReference; lastKnownFileType = sourcecode.swift; path = AutoMockable.swift; sourceTree = "<group>"; };
		B22B6F602B517A030044E0F7 /* NetworkServiceType.swift */ = {isa = PBXFileReference; fileEncoding = 4; lastKnownFileType = sourcecode.swift; path = NetworkServiceType.swift; sourceTree = "<group>"; };
		B22B6F612B517A030044E0F7 /* NetworkService.swift */ = {isa = PBXFileReference; fileEncoding = 4; lastKnownFileType = sourcecode.swift; path = NetworkService.swift; sourceTree = "<group>"; };
		B22B6F632B517A030044E0F7 /* ServicesProvider.swift */ = {isa = PBXFileReference; fileEncoding = 4; lastKnownFileType = sourcecode.swift; path = ServicesProvider.swift; sourceTree = "<group>"; };
		B22B6F652B517A030044E0F7 /* ImageCache.swift */ = {isa = PBXFileReference; fileEncoding = 4; lastKnownFileType = sourcecode.swift; path = ImageCache.swift; sourceTree = "<group>"; };
		B22B6F662B517A030044E0F7 /* ImageLoaderService.swift */ = {isa = PBXFileReference; fileEncoding = 4; lastKnownFileType = sourcecode.swift; path = ImageLoaderService.swift; sourceTree = "<group>"; };
		B22B6F672B517A030044E0F7 /* ImageLoaderServiceType.swift */ = {isa = PBXFileReference; fileEncoding = 4; lastKnownFileType = sourcecode.swift; path = ImageLoaderServiceType.swift; sourceTree = "<group>"; };
		B22B6F682B517A030044E0F7 /* Scheduler.swift */ = {isa = PBXFileReference; fileEncoding = 4; lastKnownFileType = sourcecode.swift; path = Scheduler.swift; sourceTree = "<group>"; };
		B22B6F7F2B517A980044E0F7 /* Resource.swift */ = {isa = PBXFileReference; fileEncoding = 4; lastKnownFileType = sourcecode.swift; path = Resource.swift; sourceTree = "<group>"; };
		B22B6F812B517AD90044E0F7 /* Publisher+Ext.swift */ = {isa = PBXFileReference; lastKnownFileType = sourcecode.swift; path = "Publisher+Ext.swift"; sourceTree = "<group>"; };
		B22B6F832B517B700044E0F7 /* ServiceType.swift */ = {isa = PBXFileReference; lastKnownFileType = sourcecode.swift; path = ServiceType.swift; sourceTree = "<group>"; };
		B22B6F862B517BE20044E0F7 /* JsonServiceType.swift */ = {isa = PBXFileReference; lastKnownFileType = sourcecode.swift; path = JsonServiceType.swift; sourceTree = "<group>"; };
		B22B6F882B517C200044E0F7 /* JsonResource.swift */ = {isa = PBXFileReference; lastKnownFileType = sourcecode.swift; path = JsonResource.swift; sourceTree = "<group>"; };
		B22B6F8B2B517E170044E0F7 /* products.json */ = {isa = PBXFileReference; fileEncoding = 4; lastKnownFileType = text.json; path = products.json; sourceTree = "<group>"; };
		B22B6F8E2B517E3B0044E0F7 /* Constants.swift */ = {isa = PBXFileReference; lastKnownFileType = sourcecode.swift; path = Constants.swift; sourceTree = "<group>"; };
		B22B6F902B517F690044E0F7 /* JsonService.swift */ = {isa = PBXFileReference; lastKnownFileType = sourcecode.swift; path = JsonService.swift; sourceTree = "<group>"; };
		B22B6F962B518C050044E0F7 /* ProductsViewController.swift */ = {isa = PBXFileReference; lastKnownFileType = sourcecode.swift; path = ProductsViewController.swift; sourceTree = "<group>"; };
		B22B6F982B518C600044E0F7 /* ProductsViewModel.swift */ = {isa = PBXFileReference; lastKnownFileType = sourcecode.swift; path = ProductsViewModel.swift; sourceTree = "<group>"; };
		B22B6F9A2B518DE90044E0F7 /* ProductCollectionViewCell.swift */ = {isa = PBXFileReference; lastKnownFileType = sourcecode.swift; path = ProductCollectionViewCell.swift; sourceTree = "<group>"; };
		B22B6F9B2B518DE90044E0F7 /* ProductCollectionViewCell.xib */ = {isa = PBXFileReference; lastKnownFileType = file.xib; path = ProductCollectionViewCell.xib; sourceTree = "<group>"; };
		B22B6F9E2B518E910044E0F7 /* UICollectionView+Ext.swift */ = {isa = PBXFileReference; lastKnownFileType = sourcecode.swift; path = "UICollectionView+Ext.swift"; sourceTree = "<group>"; };
		B22B6FDC2B51AF750044E0F7 /* MockData.swift */ = {isa = PBXFileReference; lastKnownFileType = sourcecode.swift; path = MockData.swift; sourceTree = "<group>"; };
		B22B6FDE2B51BBB50044E0F7 /* SearchField+Ext.swift */ = {isa = PBXFileReference; lastKnownFileType = sourcecode.swift; path = "SearchField+Ext.swift"; sourceTree = "<group>"; };
		B22B6FE12B51C6260044E0F7 /* NavigatorCoordinator.swift */ = {isa = PBXFileReference; lastKnownFileType = sourcecode.swift; path = NavigatorCoordinator.swift; sourceTree = "<group>"; };
		B22B6FE32B51C65A0044E0F7 /* ApplicationNavigatorCoordinator.swift */ = {isa = PBXFileReference; lastKnownFileType = sourcecode.swift; path = ApplicationNavigatorCoordinator.swift; sourceTree = "<group>"; };
		B22B6FE52B51C68C0044E0F7 /* ApplicationComponentsFactory.swift */ = {isa = PBXFileReference; lastKnownFileType = sourcecode.swift; path = ApplicationComponentsFactory.swift; sourceTree = "<group>"; };
		B22B6FE72B51C7D60044E0F7 /* ProductsViewNavigator.swift */ = {isa = PBXFileReference; lastKnownFileType = sourcecode.swift; path = ProductsViewNavigator.swift; sourceTree = "<group>"; };
		B22B6FE92B51C86F0044E0F7 /* ApplicationCoordinatorDependencyProviders.swift */ = {isa = PBXFileReference; lastKnownFileType = sourcecode.swift; path = ApplicationCoordinatorDependencyProviders.swift; sourceTree = "<group>"; };
		B22B6FEB2B51C9520044E0F7 /* ProductsNavigatorCoordinator.swift */ = {isa = PBXFileReference; lastKnownFileType = sourcecode.swift; path = ProductsNavigatorCoordinator.swift; sourceTree = "<group>"; };
		B22B6FED2B51CB510044E0F7 /* ProductsViewModelType.swift */ = {isa = PBXFileReference; lastKnownFileType = sourcecode.swift; path = ProductsViewModelType.swift; sourceTree = "<group>"; };
		B22B6FEF2B52DF420044E0F7 /* Size.swift */ = {isa = PBXFileReference; lastKnownFileType = sourcecode.swift; path = Size.swift; sourceTree = "<group>"; };
		B22B6FF22B52F1960044E0F7 /* RoundedCornerButton.swift */ = {isa = PBXFileReference; lastKnownFileType = sourcecode.swift; path = RoundedCornerButton.swift; sourceTree = "<group>"; };
		B22B6FF42B52F6EF0044E0F7 /* Color.swift */ = {isa = PBXFileReference; lastKnownFileType = sourcecode.swift; path = Color.swift; sourceTree = "<group>"; };
		B22B6FF62B5304040044E0F7 /* Localizable.xcstrings */ = {isa = PBXFileReference; lastKnownFileType = text.json.xcstrings; path = Localizable.xcstrings; sourceTree = "<group>"; };
		B22B6FF82B5314D30044E0F7 /* JambleActionButton.swift */ = {isa = PBXFileReference; lastKnownFileType = sourcecode.swift; path = JambleActionButton.swift; sourceTree = "<group>"; };
		B22B6FFD2B5328C80044E0F7 /* NoContentViewController.swift */ = {isa = PBXFileReference; lastKnownFileType = sourcecode.swift; path = NoContentViewController.swift; sourceTree = "<group>"; };
		B22B6FFF2B53295C0044E0F7 /* NoContentViewModel.swift */ = {isa = PBXFileReference; lastKnownFileType = sourcecode.swift; path = NoContentViewModel.swift; sourceTree = "<group>"; };
		B22B70012B532AB20044E0F7 /* UIViewController+Child.swift */ = {isa = PBXFileReference; lastKnownFileType = sourcecode.swift; path = "UIViewController+Child.swift"; sourceTree = "<group>"; };
		B22B70052B5450C20044E0F7 /* ProductDTO.swift */ = {isa = PBXFileReference; lastKnownFileType = sourcecode.swift; path = ProductDTO.swift; sourceTree = "<group>"; };
		B22B70082B5451880044E0F7 /* ProductMapper.swift */ = {isa = PBXFileReference; lastKnownFileType = sourcecode.swift; path = ProductMapper.swift; sourceTree = "<group>"; };
		B22B700B2B5453B70044E0F7 /* ProductRepository.swift */ = {isa = PBXFileReference; lastKnownFileType = sourcecode.swift; path = ProductRepository.swift; sourceTree = "<group>"; };
		B22B700E2B5454380044E0F7 /* ProductRepositoryImpl.swift */ = {isa = PBXFileReference; lastKnownFileType = sourcecode.swift; path = ProductRepositoryImpl.swift; sourceTree = "<group>"; };
		B22B70142B5466480044E0F7 /* Inject.swift */ = {isa = PBXFileReference; lastKnownFileType = sourcecode.swift; path = Inject.swift; sourceTree = "<group>"; };
		B22B70162B5466770044E0F7 /* InjectSettings.swift */ = {isa = PBXFileReference; lastKnownFileType = sourcecode.swift; path = InjectSettings.swift; sourceTree = "<group>"; };
		B22B70182B5466890044E0F7 /* Resolver.swift */ = {isa = PBXFileReference; lastKnownFileType = sourcecode.swift; path = Resolver.swift; sourceTree = "<group>"; };
		B22B70262B54739E0044E0F7 /* ProductDetailsViewController.swift */ = {isa = PBXFileReference; lastKnownFileType = sourcecode.swift; path = ProductDetailsViewController.swift; sourceTree = "<group>"; };
		B22B70282B5477410044E0F7 /* ProductDetailsViewModel.swift */ = {isa = PBXFileReference; lastKnownFileType = sourcecode.swift; path = ProductDetailsViewModel.swift; sourceTree = "<group>"; };
		B22B702A2B54776F0044E0F7 /* ProductDetailsViewModelType.swift */ = {isa = PBXFileReference; lastKnownFileType = sourcecode.swift; path = ProductDetailsViewModelType.swift; sourceTree = "<group>"; };
		B22B702C2B5479920044E0F7 /* ProductDetailsUseCase.swift */ = {isa = PBXFileReference; lastKnownFileType = sourcecode.swift; path = ProductDetailsUseCase.swift; sourceTree = "<group>"; };
		B22B702E2B55596A0044E0F7 /* UIViewController+Keyboard.swift */ = {isa = PBXFileReference; lastKnownFileType = sourcecode.swift; path = "UIViewController+Keyboard.swift"; sourceTree = "<group>"; };
		B22B70322B556F010044E0F7 /* Resource+Products.swift */ = {isa = PBXFileReference; lastKnownFileType = sourcecode.swift; path = "Resource+Products.swift"; sourceTree = "<group>"; };
		B22B70342B5575FC0044E0F7 /* ProductsCellDelegate.swift */ = {isa = PBXFileReference; lastKnownFileType = sourcecode.swift; path = ProductsCellDelegate.swift; sourceTree = "<group>"; };
		B22B70362B55A8350044E0F7 /* Bookmarks.swift */ = {isa = PBXFileReference; lastKnownFileType = sourcecode.swift; path = Bookmarks.swift; sourceTree = "<group>"; };
		B22B70382B55B5C50044E0F7 /* UIView+Ext.swift */ = {isa = PBXFileReference; lastKnownFileType = sourcecode.swift; path = "UIView+Ext.swift"; sourceTree = "<group>"; };
		B22B703B2B55C7650044E0F7 /* Podfile */ = {isa = PBXFileReference; lastKnownFileType = text; path = Podfile; sourceTree = "<group>"; };
		B2F8DCD12B55D24700FAF4D8 /* sourcery_automockable_config.yml */ = {isa = PBXFileReference; lastKnownFileType = text.yaml; path = sourcery_automockable_config.yml; sourceTree = "<group>"; };
		B2F8DCE12B55EF5900FAF4D8 /* ProductsViewModelTests.swift */ = {isa = PBXFileReference; lastKnownFileType = sourcecode.swift; path = ProductsViewModelTests.swift; sourceTree = "<group>"; };
		B2F8DCE92B55FA2500FAF4D8 /* JsonReader.swift */ = {isa = PBXFileReference; lastKnownFileType = sourcecode.swift; path = JsonReader.swift; sourceTree = "<group>"; };
		B2F8DCED2B56D5DB00FAF4D8 /* LikeUseCase.swift */ = {isa = PBXFileReference; lastKnownFileType = sourcecode.swift; path = LikeUseCase.swift; sourceTree = "<group>"; };
		B2F8DCF32B57011100FAF4D8 /* JsonServiceTest.swift */ = {isa = PBXFileReference; lastKnownFileType = sourcecode.swift; path = JsonServiceTest.swift; sourceTree = "<group>"; };
		B2F8DCF52B5701AA00FAF4D8 /* URLProtocolMock.swift */ = {isa = PBXFileReference; lastKnownFileType = sourcecode.swift; path = URLProtocolMock.swift; sourceTree = "<group>"; };
		B2F8DCF82B5706FC00FAF4D8 /* ProductUseCaseTests.swift */ = {isa = PBXFileReference; lastKnownFileType = sourcecode.swift; path = ProductUseCaseTests.swift; sourceTree = "<group>"; };
		B2F8DCFC2B570DD200FAF4D8 /* ProductDetailsUseCaseTests.swift */ = {isa = PBXFileReference; lastKnownFileType = sourcecode.swift; path = ProductDetailsUseCaseTests.swift; sourceTree = "<group>"; };
		B2F8DCFF2B5711DC00FAF4D8 /* ProductRepositoryTests.swift */ = {isa = PBXFileReference; lastKnownFileType = sourcecode.swift; path = ProductRepositoryTests.swift; sourceTree = "<group>"; };
		B2F8DD0D2B57344F00FAF4D8 /* XCTTestCase+Ext.swift */ = {isa = PBXFileReference; lastKnownFileType = sourcecode.swift; path = "XCTTestCase+Ext.swift"; sourceTree = "<group>"; };
		B2F8DD112B573D2200FAF4D8 /* JsonServiceProductDTOMock.swift */ = {isa = PBXFileReference; lastKnownFileType = sourcecode.swift; path = JsonServiceProductDTOMock.swift; sourceTree = "<group>"; };
		B2F8DD132B5741A900FAF4D8 /* AutoMockable.swift */ = {isa = PBXFileReference; fileEncoding = 4; lastKnownFileType = sourcecode.swift; path = AutoMockable.swift; sourceTree = "<group>"; };
		C821E5DA316B5E6E3E4E1DFD /* Pods-JambleTest.release.xcconfig */ = {isa = PBXFileReference; includeInIndex = 1; lastKnownFileType = text.xcconfig; name = "Pods-JambleTest.release.xcconfig"; path = "Target Support Files/Pods-JambleTest/Pods-JambleTest.release.xcconfig"; sourceTree = "<group>"; };
/* End PBXFileReference section */

/* Begin PBXFrameworksBuildPhase section */
		B22B6EFB2B516CD20044E0F7 /* Frameworks */ = {
			isa = PBXFrameworksBuildPhase;
			buildActionMask = 2147483647;
			files = (
				B22B70202B546A330044E0F7 /* Swinject in Frameworks */,
				B22B70222B546A360044E0F7 /* Swinject-Dynamic in Frameworks */,
			);
			runOnlyForDeploymentPostprocessing = 0;
		};
		B22B6F112B516CD30044E0F7 /* Frameworks */ = {
			isa = PBXFrameworksBuildPhase;
			buildActionMask = 2147483647;
			files = (
			);
			runOnlyForDeploymentPostprocessing = 0;
		};
/* End PBXFrameworksBuildPhase section */

/* Begin PBXGroup section */
		21D8090B60A295AD39B1ECEF /* Pods */ = {
			isa = PBXGroup;
			children = (
				82DD0E2EC1CCA4C048B61EC5 /* Pods-JambleTest.debug.xcconfig */,
				C821E5DA316B5E6E3E4E1DFD /* Pods-JambleTest.release.xcconfig */,
			);
			path = Pods;
			sourceTree = "<group>";
		};
		B22B6EF52B516CD20044E0F7 = {
			isa = PBXGroup;
			children = (
				B22B703B2B55C7650044E0F7 /* Podfile */,
				B22B6F002B516CD20044E0F7 /* JambleTest */,
				B22B6F172B516CD30044E0F7 /* JambleTestTests */,
				B22B6EFF2B516CD20044E0F7 /* Products */,
				B22B701E2B546A330044E0F7 /* Frameworks */,
				21D8090B60A295AD39B1ECEF /* Pods */,
			);
			sourceTree = "<group>";
		};
		B22B6EFF2B516CD20044E0F7 /* Products */ = {
			isa = PBXGroup;
			children = (
				B22B6EFE2B516CD20044E0F7 /* JambleTest.app */,
				B22B6F142B516CD30044E0F7 /* JambleTestTests.xctest */,
			);
			name = Products;
			sourceTree = "<group>";
		};
		B22B6F002B516CD20044E0F7 /* JambleTest */ = {
			isa = PBXGroup;
			children = (
				B2F8DCD02B55D21B00FAF4D8 /* Scripts */,
				B22B70132B5466310044E0F7 /* Di */,
				B22B6F342B516D810044E0F7 /* UI */,
				B22B6F332B516D7B0044E0F7 /* Domain */,
				B22B6F322B516D770044E0F7 /* Data */,
				B22B6F312B516D720044E0F7 /* Core */,
				B22B6F8A2B517E0E0044E0F7 /* Resource */,
				B22B6F012B516CD20044E0F7 /* AppDelegate.swift */,
				B22B6F032B516CD20044E0F7 /* SceneDelegate.swift */,
				B22B6F0C2B516CD30044E0F7 /* LaunchScreen.storyboard */,
				B22B6F0F2B516CD30044E0F7 /* Info.plist */,
			);
			path = JambleTest;
			sourceTree = "<group>";
		};
		B22B6F172B516CD30044E0F7 /* JambleTestTests */ = {
			isa = PBXGroup;
			children = (
				B2F8DCE02B55EEA000FAF4D8 /* UnitTests */,
				B2F8DCD32B55D2B900FAF4D8 /* Mocks */,
			);
			path = JambleTestTests;
			sourceTree = "<group>";
		};
		B22B6F312B516D720044E0F7 /* Core */ = {
			isa = PBXGroup;
			children = (
				B22B6FE02B51C5F10044E0F7 /* Navigator */,
				B22B6F8D2B517E310044E0F7 /* Common */,
				B22B6F4A2B5178D80044E0F7 /* Utils */,
				B22B6F3F2B51759D0044E0F7 /* Extensions */,
			);
			path = Core;
			sourceTree = "<group>";
		};
		B22B6F322B516D770044E0F7 /* Data */ = {
			isa = PBXGroup;
			children = (
				B22B700D2B5454220044E0F7 /* Repository */,
				B22B70072B5451710044E0F7 /* Mapper */,
				B22B70032B5450AA0044E0F7 /* Dtos */,
				B22B6F5E2B517A030044E0F7 /* Services */,
			);
			path = Data;
			sourceTree = "<group>";
		};
		B22B6F332B516D7B0044E0F7 /* Domain */ = {
			isa = PBXGroup;
			children = (
				B22B700A2B54539B0044E0F7 /* Repository */,
				B22B6F432B5175F60044E0F7 /* UseCase */,
				B22B6F3A2B516DFA0044E0F7 /* Model */,
			);
			path = Domain;
			sourceTree = "<group>";
		};
		B22B6F342B516D810044E0F7 /* UI */ = {
			isa = PBXGroup;
			children = (
				B22B70252B5473890044E0F7 /* DetailProduct */,
				B22B6FFA2B5327670044E0F7 /* NoContent */,
				B22B6F362B516DA70044E0F7 /* Views */,
				B22B6F352B516D8A0044E0F7 /* Product */,
			);
			path = UI;
			sourceTree = "<group>";
		};
		B22B6F352B516D8A0044E0F7 /* Product */ = {
			isa = PBXGroup;
			children = (
				B22B6F962B518C050044E0F7 /* ProductsViewController.swift */,
				B22B6F982B518C600044E0F7 /* ProductsViewModel.swift */,
				B22B6FE72B51C7D60044E0F7 /* ProductsViewNavigator.swift */,
				B22B6FED2B51CB510044E0F7 /* ProductsViewModelType.swift */,
				B22B70342B5575FC0044E0F7 /* ProductsCellDelegate.swift */,
			);
			path = Product;
			sourceTree = "<group>";
		};
		B22B6F362B516DA70044E0F7 /* Views */ = {
			isa = PBXGroup;
			children = (
				B22B6FF12B52F1840044E0F7 /* Custom Views */,
				B22B6F392B516DCC0044E0F7 /* Cells */,
			);
			path = Views;
			sourceTree = "<group>";
		};
		B22B6F392B516DCC0044E0F7 /* Cells */ = {
			isa = PBXGroup;
			children = (
				B22B6F9A2B518DE90044E0F7 /* ProductCollectionViewCell.swift */,
				B22B6F9B2B518DE90044E0F7 /* ProductCollectionViewCell.xib */,
			);
			path = Cells;
			sourceTree = "<group>";
		};
		B22B6F3A2B516DFA0044E0F7 /* Model */ = {
			isa = PBXGroup;
			children = (
				B22B6F3B2B516E4E0044E0F7 /* Product.swift */,
				B22B6F3D2B516FE00044E0F7 /* Currency.swift */,
				B22B6F462B51765F0044E0F7 /* Products.swift */,
				B22B6FEF2B52DF420044E0F7 /* Size.swift */,
				B22B6FF42B52F6EF0044E0F7 /* Color.swift */,
				B22B70362B55A8350044E0F7 /* Bookmarks.swift */,
			);
			path = Model;
			sourceTree = "<group>";
		};
		B22B6F3F2B51759D0044E0F7 /* Extensions */ = {
			isa = PBXGroup;
			children = (
				B22B6F402B5175A80044E0F7 /* Color+Ext.swift */,
				B22B6F812B517AD90044E0F7 /* Publisher+Ext.swift */,
				B22B6F9E2B518E910044E0F7 /* UICollectionView+Ext.swift */,
				B22B6FDE2B51BBB50044E0F7 /* SearchField+Ext.swift */,
				B22B70012B532AB20044E0F7 /* UIViewController+Child.swift */,
				B22B702E2B55596A0044E0F7 /* UIViewController+Keyboard.swift */,
				B22B70382B55B5C50044E0F7 /* UIView+Ext.swift */,
				B2F8DCE92B55FA2500FAF4D8 /* JsonReader.swift */,
			);
			path = Extensions;
			sourceTree = "<group>";
		};
		B22B6F432B5175F60044E0F7 /* UseCase */ = {
			isa = PBXGroup;
			children = (
				B22B6F482B51789A0044E0F7 /* ProductUseCase.swift */,
				B22B702C2B5479920044E0F7 /* ProductDetailsUseCase.swift */,
				B2F8DCED2B56D5DB00FAF4D8 /* LikeUseCase.swift */,
			);
			path = UseCase;
			sourceTree = "<group>";
		};
		B22B6F4A2B5178D80044E0F7 /* Utils */ = {
			isa = PBXGroup;
			children = (
				B22B6F4B2B5178E50044E0F7 /* AutoMockable.swift */,
			);
			path = Utils;
			sourceTree = "<group>";
		};
		B22B6F5E2B517A030044E0F7 /* Services */ = {
			isa = PBXGroup;
			children = (
				B22B70302B556A5B0044E0F7 /* Local */,
				B22B6F5F2B517A030044E0F7 /* Network */,
				B22B6F642B517A030044E0F7 /* ImageLoader */,
				B22B6F682B517A030044E0F7 /* Scheduler.swift */,
				B22B6F832B517B700044E0F7 /* ServiceType.swift */,
				B22B6F632B517A030044E0F7 /* ServicesProvider.swift */,
			);
			path = Services;
			sourceTree = "<group>";
		};
		B22B6F5F2B517A030044E0F7 /* Network */ = {
			isa = PBXGroup;
			children = (
				B22B70312B556EF30044E0F7 /* Products */,
				B22B6F602B517A030044E0F7 /* NetworkServiceType.swift */,
				B22B6F612B517A030044E0F7 /* NetworkService.swift */,
				B22B6F7F2B517A980044E0F7 /* Resource.swift */,
			);
			path = Network;
			sourceTree = "<group>";
		};
		B22B6F642B517A030044E0F7 /* ImageLoader */ = {
			isa = PBXGroup;
			children = (
				B22B6F652B517A030044E0F7 /* ImageCache.swift */,
				B22B6F662B517A030044E0F7 /* ImageLoaderService.swift */,
				B22B6F672B517A030044E0F7 /* ImageLoaderServiceType.swift */,
			);
			path = ImageLoader;
			sourceTree = "<group>";
		};
		B22B6F852B517BD20044E0F7 /* Json */ = {
			isa = PBXGroup;
			children = (
				B22B6F862B517BE20044E0F7 /* JsonServiceType.swift */,
				B22B6F882B517C200044E0F7 /* JsonResource.swift */,
				B22B6F902B517F690044E0F7 /* JsonService.swift */,
				B2F8DD112B573D2200FAF4D8 /* JsonServiceProductDTOMock.swift */,
			);
			path = Json;
			sourceTree = "<group>";
		};
		B22B6F8A2B517E0E0044E0F7 /* Resource */ = {
			isa = PBXGroup;
			children = (
				B22B6F0A2B516CD30044E0F7 /* Assets.xcassets */,
				B22B6F8B2B517E170044E0F7 /* products.json */,
				B22B6FF62B5304040044E0F7 /* Localizable.xcstrings */,
			);
			path = Resource;
			sourceTree = "<group>";
		};
		B22B6F8D2B517E310044E0F7 /* Common */ = {
			isa = PBXGroup;
			children = (
				B22B6F8E2B517E3B0044E0F7 /* Constants.swift */,
				B22B6FDC2B51AF750044E0F7 /* MockData.swift */,
			);
			path = Common;
			sourceTree = "<group>";
		};
		B22B6FE02B51C5F10044E0F7 /* Navigator */ = {
			isa = PBXGroup;
			children = (
				B22B6FE12B51C6260044E0F7 /* NavigatorCoordinator.swift */,
				B22B6FE32B51C65A0044E0F7 /* ApplicationNavigatorCoordinator.swift */,
				B22B6FE52B51C68C0044E0F7 /* ApplicationComponentsFactory.swift */,
				B22B6FE92B51C86F0044E0F7 /* ApplicationCoordinatorDependencyProviders.swift */,
				B22B6FEB2B51C9520044E0F7 /* ProductsNavigatorCoordinator.swift */,
			);
			path = Navigator;
			sourceTree = "<group>";
		};
		B22B6FF12B52F1840044E0F7 /* Custom Views */ = {
			isa = PBXGroup;
			children = (
				B22B6FF22B52F1960044E0F7 /* RoundedCornerButton.swift */,
				B22B6FF82B5314D30044E0F7 /* JambleActionButton.swift */,
			);
			path = "Custom Views";
			sourceTree = "<group>";
		};
		B22B6FFA2B5327670044E0F7 /* NoContent */ = {
			isa = PBXGroup;
			children = (
				B22B6FFD2B5328C80044E0F7 /* NoContentViewController.swift */,
				B22B6FFF2B53295C0044E0F7 /* NoContentViewModel.swift */,
			);
			path = NoContent;
			sourceTree = "<group>";
		};
		B22B70032B5450AA0044E0F7 /* Dtos */ = {
			isa = PBXGroup;
			children = (
				B22B70042B5450B10044E0F7 /* Products */,
			);
			path = Dtos;
			sourceTree = "<group>";
		};
		B22B70042B5450B10044E0F7 /* Products */ = {
			isa = PBXGroup;
			children = (
				B22B70052B5450C20044E0F7 /* ProductDTO.swift */,
			);
			path = Products;
			sourceTree = "<group>";
		};
		B22B70072B5451710044E0F7 /* Mapper */ = {
			isa = PBXGroup;
			children = (
				B22B70082B5451880044E0F7 /* ProductMapper.swift */,
			);
			path = Mapper;
			sourceTree = "<group>";
		};
		B22B700A2B54539B0044E0F7 /* Repository */ = {
			isa = PBXGroup;
			children = (
				B22B700B2B5453B70044E0F7 /* ProductRepository.swift */,
			);
			path = Repository;
			sourceTree = "<group>";
		};
		B22B700D2B5454220044E0F7 /* Repository */ = {
			isa = PBXGroup;
			children = (
				B22B700E2B5454380044E0F7 /* ProductRepositoryImpl.swift */,
			);
			path = Repository;
			sourceTree = "<group>";
		};
		B22B70132B5466310044E0F7 /* Di */ = {
			isa = PBXGroup;
			children = (
				B22B70142B5466480044E0F7 /* Inject.swift */,
				B22B70162B5466770044E0F7 /* InjectSettings.swift */,
				B22B70182B5466890044E0F7 /* Resolver.swift */,
			);
			path = Di;
			sourceTree = "<group>";
		};
		B22B701E2B546A330044E0F7 /* Frameworks */ = {
			isa = PBXGroup;
			children = (
				4177D82F396C37BDD5D33789 /* libPods-JambleTest.a */,
			);
			name = Frameworks;
			sourceTree = "<group>";
		};
		B22B70252B5473890044E0F7 /* DetailProduct */ = {
			isa = PBXGroup;
			children = (
				B22B70262B54739E0044E0F7 /* ProductDetailsViewController.swift */,
				B22B70282B5477410044E0F7 /* ProductDetailsViewModel.swift */,
				B22B702A2B54776F0044E0F7 /* ProductDetailsViewModelType.swift */,
			);
			path = DetailProduct;
			sourceTree = "<group>";
		};
		B22B70302B556A5B0044E0F7 /* Local */ = {
			isa = PBXGroup;
			children = (
				B22B6F852B517BD20044E0F7 /* Json */,
			);
			path = Local;
			sourceTree = "<group>";
		};
		B22B70312B556EF30044E0F7 /* Products */ = {
			isa = PBXGroup;
			children = (
				B22B70322B556F010044E0F7 /* Resource+Products.swift */,
			);
			path = Products;
			sourceTree = "<group>";
		};
		B2F8DCD02B55D21B00FAF4D8 /* Scripts */ = {
			isa = PBXGroup;
			children = (
				B2F8DCD12B55D24700FAF4D8 /* sourcery_automockable_config.yml */,
			);
			path = Scripts;
			sourceTree = "<group>";
		};
		B2F8DCD32B55D2B900FAF4D8 /* Mocks */ = {
			isa = PBXGroup;
			children = (
				B2F8DD132B5741A900FAF4D8 /* AutoMockable.swift */,
				B2F8DCF52B5701AA00FAF4D8 /* URLProtocolMock.swift */,
			);
			path = Mocks;
			sourceTree = "<group>";
		};
		B2F8DCE02B55EEA000FAF4D8 /* UnitTests */ = {
			isa = PBXGroup;
			children = (
				B2F8DD152B57DD2800FAF4D8 /* ViewModel */,
				B2F8DD0B2B57343200FAF4D8 /* Utils */,
				B2F8DCFE2B57119900FAF4D8 /* Repository */,
				B2F8DCF72B57067100FAF4D8 /* UseCases */,
				B22B6F182B516CD30044E0F7 /* ApplicationNavigatorCoordinatorTests.swift */,
				B2F8DCF32B57011100FAF4D8 /* JsonServiceTest.swift */,
			);
			path = UnitTests;
			sourceTree = "<group>";
		};
		B2F8DCF72B57067100FAF4D8 /* UseCases */ = {
			isa = PBXGroup;
			children = (
				B2F8DCF82B5706FC00FAF4D8 /* ProductUseCaseTests.swift */,
				B2F8DCFC2B570DD200FAF4D8 /* ProductDetailsUseCaseTests.swift */,
			);
			path = UseCases;
			sourceTree = "<group>";
		};
		B2F8DCFE2B57119900FAF4D8 /* Repository */ = {
			isa = PBXGroup;
			children = (
				B2F8DCFF2B5711DC00FAF4D8 /* ProductRepositoryTests.swift */,
			);
			path = Repository;
			sourceTree = "<group>";
		};
		B2F8DD0B2B57343200FAF4D8 /* Utils */ = {
			isa = PBXGroup;
			children = (
				B2F8DD0C2B57343900FAF4D8 /* Extensions */,
			);
			path = Utils;
			sourceTree = "<group>";
		};
		B2F8DD0C2B57343900FAF4D8 /* Extensions */ = {
			isa = PBXGroup;
			children = (
				B2F8DD0D2B57344F00FAF4D8 /* XCTTestCase+Ext.swift */,
			);
			path = Extensions;
			sourceTree = "<group>";
		};
		B2F8DD152B57DD2800FAF4D8 /* ViewModel */ = {
			isa = PBXGroup;
			children = (
				B2F8DCE12B55EF5900FAF4D8 /* ProductsViewModelTests.swift */,
			);
			path = ViewModel;
			sourceTree = "<group>";
		};
/* End PBXGroup section */

/* Begin PBXNativeTarget section */
		B22B6EFD2B516CD20044E0F7 /* JambleTest */ = {
			isa = PBXNativeTarget;
			buildConfigurationList = B22B6F282B516CD30044E0F7 /* Build configuration list for PBXNativeTarget "JambleTest" */;
			buildPhases = (
				52ADF6A74E6DD650862EF2BC /* [CP] Check Pods Manifest.lock */,
				B22B6EFA2B516CD20044E0F7 /* Sources */,
				B22B6EFB2B516CD20044E0F7 /* Frameworks */,
				B22B6EFC2B516CD20044E0F7 /* Resources */,
				B22B70232B546A360044E0F7 /* Embed Frameworks */,
			);
			buildRules = (
			);
			dependencies = (
				B22B701D2B5468370044E0F7 /* PBXTargetDependency */,
				B22B701B2B5468340044E0F7 /* PBXTargetDependency */,
			);
			name = JambleTest;
			packageProductDependencies = (
				B22B701F2B546A330044E0F7 /* Swinject */,
				B22B70212B546A360044E0F7 /* Swinject-Dynamic */,
			);
			productName = JambleTest;
			productReference = B22B6EFE2B516CD20044E0F7 /* JambleTest.app */;
			productType = "com.apple.product-type.application";
		};
		B22B6F132B516CD30044E0F7 /* JambleTestTests */ = {
			isa = PBXNativeTarget;
			buildConfigurationList = B22B6F2B2B516CD30044E0F7 /* Build configuration list for PBXNativeTarget "JambleTestTests" */;
			buildPhases = (
				B22B6F102B516CD30044E0F7 /* Sources */,
				B22B6F112B516CD30044E0F7 /* Frameworks */,
				B22B6F122B516CD30044E0F7 /* Resources */,
			);
			buildRules = (
			);
			dependencies = (
				B22B6F162B516CD30044E0F7 /* PBXTargetDependency */,
			);
			name = JambleTestTests;
			productName = JambleTestTests;
			productReference = B22B6F142B516CD30044E0F7 /* JambleTestTests.xctest */;
			productType = "com.apple.product-type.bundle.unit-test";
		};
/* End PBXNativeTarget section */

/* Begin PBXProject section */
		B22B6EF62B516CD20044E0F7 /* Project object */ = {
			isa = PBXProject;
			attributes = {
				BuildIndependentTargetsInParallel = 1;
				LastSwiftUpdateCheck = 1500;
				LastUpgradeCheck = 1500;
				TargetAttributes = {
					B22B6EFD2B516CD20044E0F7 = {
						CreatedOnToolsVersion = 15.0.1;
					};
					B22B6F132B516CD30044E0F7 = {
						CreatedOnToolsVersion = 15.0.1;
						TestTargetID = B22B6EFD2B516CD20044E0F7;
					};
				};
			};
			buildConfigurationList = B22B6EF92B516CD20044E0F7 /* Build configuration list for PBXProject "JambleTest" */;
			compatibilityVersion = "Xcode 14.0";
			developmentRegion = en;
			hasScannedForEncodings = 0;
			knownRegions = (
				en,
				Base,
				fr,
			);
			mainGroup = B22B6EF52B516CD20044E0F7;
			packageReferences = (
				B22B70102B545A610044E0F7 /* XCRemoteSwiftPackageReference "Swinject" */,
			);
			productRefGroup = B22B6EFF2B516CD20044E0F7 /* Products */;
			projectDirPath = "";
			projectRoot = "";
			targets = (
				B22B6EFD2B516CD20044E0F7 /* JambleTest */,
				B22B6F132B516CD30044E0F7 /* JambleTestTests */,
			);
		};
/* End PBXProject section */

/* Begin PBXResourcesBuildPhase section */
		B22B6EFC2B516CD20044E0F7 /* Resources */ = {
			isa = PBXResourcesBuildPhase;
			buildActionMask = 2147483647;
			files = (
				B2F8DCD22B55D24700FAF4D8 /* sourcery_automockable_config.yml in Resources */,
				B22B703C2B55C7650044E0F7 /* Podfile in Resources */,
				B22B6F0E2B516CD30044E0F7 /* LaunchScreen.storyboard in Resources */,
				B22B6FF72B5304040044E0F7 /* Localizable.xcstrings in Resources */,
				B22B6F9D2B518DE90044E0F7 /* ProductCollectionViewCell.xib in Resources */,
				B22B6F8C2B517E170044E0F7 /* products.json in Resources */,
				B22B6F0B2B516CD30044E0F7 /* Assets.xcassets in Resources */,
			);
			runOnlyForDeploymentPostprocessing = 0;
		};
		B22B6F122B516CD30044E0F7 /* Resources */ = {
			isa = PBXResourcesBuildPhase;
			buildActionMask = 2147483647;
			files = (
			);
			runOnlyForDeploymentPostprocessing = 0;
		};
/* End PBXResourcesBuildPhase section */

/* Begin PBXShellScriptBuildPhase section */
		52ADF6A74E6DD650862EF2BC /* [CP] Check Pods Manifest.lock */ = {
			isa = PBXShellScriptBuildPhase;
			buildActionMask = 2147483647;
			files = (
			);
			inputFileListPaths = (
			);
			inputPaths = (
				"${PODS_PODFILE_DIR_PATH}/Podfile.lock",
				"${PODS_ROOT}/Manifest.lock",
			);
			name = "[CP] Check Pods Manifest.lock";
			outputFileListPaths = (
			);
			outputPaths = (
				"$(DERIVED_FILE_DIR)/Pods-JambleTest-checkManifestLockResult.txt",
			);
			runOnlyForDeploymentPostprocessing = 0;
			shellPath = /bin/sh;
			shellScript = "diff \"${PODS_PODFILE_DIR_PATH}/Podfile.lock\" \"${PODS_ROOT}/Manifest.lock\" > /dev/null\nif [ $? != 0 ] ; then\n    # print error to STDERR\n    echo \"error: The sandbox is not in sync with the Podfile.lock. Run 'pod install' or update your CocoaPods installation.\" >&2\n    exit 1\nfi\n# This output is used by Xcode 'outputs' to avoid re-running this script phase.\necho \"SUCCESS\" > \"${SCRIPT_OUTPUT_FILE_0}\"\n";
			showEnvVarsInLog = 0;
		};
/* End PBXShellScriptBuildPhase section */

/* Begin PBXSourcesBuildPhase section */
		B22B6EFA2B516CD20044E0F7 /* Sources */ = {
			isa = PBXSourcesBuildPhase;
			buildActionMask = 2147483647;
			files = (
				B22B70092B5451880044E0F7 /* ProductMapper.swift in Sources */,
				B22B6FF92B5314D30044E0F7 /* JambleActionButton.swift in Sources */,
				B2F8DCEE2B56D5DB00FAF4D8 /* LikeUseCase.swift in Sources */,
				B22B6F772B517A030044E0F7 /* NetworkServiceType.swift in Sources */,
				B22B6F892B517C200044E0F7 /* JsonResource.swift in Sources */,
				B22B6FFE2B5328C80044E0F7 /* NoContentViewController.swift in Sources */,
				B2F8DCEA2B55FA2500FAF4D8 /* JsonReader.swift in Sources */,
				B22B70192B5466890044E0F7 /* Resolver.swift in Sources */,
				B22B6F7D2B517A030044E0F7 /* ImageLoaderServiceType.swift in Sources */,
				B22B6F7C2B517A030044E0F7 /* ImageLoaderService.swift in Sources */,
				B22B6FF02B52DF420044E0F7 /* Size.swift in Sources */,
				B22B6F782B517A030044E0F7 /* NetworkService.swift in Sources */,
				B22B6FDD2B51AF750044E0F7 /* MockData.swift in Sources */,
				B22B70332B556F010044E0F7 /* Resource+Products.swift in Sources */,
				B22B6FE22B51C6260044E0F7 /* NavigatorCoordinator.swift in Sources */,
				B22B700C2B5453B70044E0F7 /* ProductRepository.swift in Sources */,
				B22B6F7A2B517A030044E0F7 /* ServicesProvider.swift in Sources */,
				B22B70172B5466770044E0F7 /* InjectSettings.swift in Sources */,
				B22B6F3E2B516FE00044E0F7 /* Currency.swift in Sources */,
				B22B6F3C2B516E4E0044E0F7 /* Product.swift in Sources */,
				B22B6FF52B52F6EF0044E0F7 /* Color.swift in Sources */,
				B22B6FEC2B51C9520044E0F7 /* ProductsNavigatorCoordinator.swift in Sources */,
				B22B70272B54739E0044E0F7 /* ProductDetailsViewController.swift in Sources */,
				B22B6FDF2B51BBB50044E0F7 /* SearchField+Ext.swift in Sources */,
				B22B702D2B5479920044E0F7 /* ProductDetailsUseCase.swift in Sources */,
				B22B6FEE2B51CB510044E0F7 /* ProductsViewModelType.swift in Sources */,
				B22B702B2B54776F0044E0F7 /* ProductDetailsViewModelType.swift in Sources */,
				B2F8DD122B573D2200FAF4D8 /* JsonServiceProductDTOMock.swift in Sources */,
				B22B6FEA2B51C86F0044E0F7 /* ApplicationCoordinatorDependencyProviders.swift in Sources */,
				B22B6FE82B51C7D60044E0F7 /* ProductsViewNavigator.swift in Sources */,
				B22B6F802B517A980044E0F7 /* Resource.swift in Sources */,
				B22B6F9F2B518E910044E0F7 /* UICollectionView+Ext.swift in Sources */,
				B22B6F022B516CD20044E0F7 /* AppDelegate.swift in Sources */,
				B22B6FE42B51C65A0044E0F7 /* ApplicationNavigatorCoordinator.swift in Sources */,
				B22B70022B532AB20044E0F7 /* UIViewController+Child.swift in Sources */,
				B22B70372B55A8350044E0F7 /* Bookmarks.swift in Sources */,
				B22B702F2B55596A0044E0F7 /* UIViewController+Keyboard.swift in Sources */,
				B22B6F912B517F690044E0F7 /* JsonService.swift in Sources */,
				B22B700F2B5454380044E0F7 /* ProductRepositoryImpl.swift in Sources */,
				B22B6F4C2B5178E50044E0F7 /* AutoMockable.swift in Sources */,
				B22B70352B5575FC0044E0F7 /* ProductsCellDelegate.swift in Sources */,
				B22B6FE62B51C68C0044E0F7 /* ApplicationComponentsFactory.swift in Sources */,
				B22B6F472B51765F0044E0F7 /* Products.swift in Sources */,
				B22B6F972B518C050044E0F7 /* ProductsViewController.swift in Sources */,
				B22B6F492B51789A0044E0F7 /* ProductUseCase.swift in Sources */,
				B22B6F9C2B518DE90044E0F7 /* ProductCollectionViewCell.swift in Sources */,
				B22B6F992B518C600044E0F7 /* ProductsViewModel.swift in Sources */,
				B22B70392B55B5C50044E0F7 /* UIView+Ext.swift in Sources */,
				B22B6F872B517BE20044E0F7 /* JsonServiceType.swift in Sources */,
				B22B6F7E2B517A030044E0F7 /* Scheduler.swift in Sources */,
				B22B6FF32B52F1960044E0F7 /* RoundedCornerButton.swift in Sources */,
				B22B70002B53295C0044E0F7 /* NoContentViewModel.swift in Sources */,
				B22B70152B5466480044E0F7 /* Inject.swift in Sources */,
				B22B6F042B516CD20044E0F7 /* SceneDelegate.swift in Sources */,
				B22B6F7B2B517A030044E0F7 /* ImageCache.swift in Sources */,
				B22B70062B5450C20044E0F7 /* ProductDTO.swift in Sources */,
				B22B6F412B5175A80044E0F7 /* Color+Ext.swift in Sources */,
				B22B70292B5477410044E0F7 /* ProductDetailsViewModel.swift in Sources */,
				B22B6F8F2B517E3B0044E0F7 /* Constants.swift in Sources */,
				B22B6F842B517B700044E0F7 /* ServiceType.swift in Sources */,
				B22B6F822B517AD90044E0F7 /* Publisher+Ext.swift in Sources */,
			);
			runOnlyForDeploymentPostprocessing = 0;
		};
		B22B6F102B516CD30044E0F7 /* Sources */ = {
			isa = PBXSourcesBuildPhase;
			buildActionMask = 2147483647;
			files = (
				B2F8DCFD2B570DD200FAF4D8 /* ProductDetailsUseCaseTests.swift in Sources */,
				B2F8DCF62B5701AA00FAF4D8 /* URLProtocolMock.swift in Sources */,
				B2F8DCE22B55EF5900FAF4D8 /* ProductsViewModelTests.swift in Sources */,
				B2F8DD002B5711DC00FAF4D8 /* ProductRepositoryTests.swift in Sources */,
				B2F8DD142B5741A900FAF4D8 /* AutoMockable.swift in Sources */,
				B2F8DD0E2B57344F00FAF4D8 /* XCTTestCase+Ext.swift in Sources */,
				B22B6F192B516CD30044E0F7 /* ApplicationNavigatorCoordinatorTests.swift in Sources */,
				B2F8DCF42B57011100FAF4D8 /* JsonServiceTest.swift in Sources */,
				B2F8DCF92B5706FC00FAF4D8 /* ProductUseCaseTests.swift in Sources */,
			);
			runOnlyForDeploymentPostprocessing = 0;
		};
/* End PBXSourcesBuildPhase section */

/* Begin PBXTargetDependency section */
		B22B6F162B516CD30044E0F7 /* PBXTargetDependency */ = {
			isa = PBXTargetDependency;
			target = B22B6EFD2B516CD20044E0F7 /* JambleTest */;
			targetProxy = B22B6F152B516CD30044E0F7 /* PBXContainerItemProxy */;
		};
		B22B701B2B5468340044E0F7 /* PBXTargetDependency */ = {
			isa = PBXTargetDependency;
			productRef = B22B701A2B5468340044E0F7 /* Swinject */;
		};
		B22B701D2B5468370044E0F7 /* PBXTargetDependency */ = {
			isa = PBXTargetDependency;
			productRef = B22B701C2B5468370044E0F7 /* Swinject-Dynamic */;
		};
/* End PBXTargetDependency section */

/* Begin PBXVariantGroup section */
		B22B6F0C2B516CD30044E0F7 /* LaunchScreen.storyboard */ = {
			isa = PBXVariantGroup;
			children = (
				B22B6F0D2B516CD30044E0F7 /* Base */,
			);
			name = LaunchScreen.storyboard;
			sourceTree = "<group>";
		};
/* End PBXVariantGroup section */

/* Begin XCBuildConfiguration section */
		B22B6F262B516CD30044E0F7 /* Debug */ = {
			isa = XCBuildConfiguration;
			buildSettings = {
				ALWAYS_SEARCH_USER_PATHS = NO;
				ASSETCATALOG_COMPILER_GENERATE_SWIFT_ASSET_SYMBOL_EXTENSIONS = YES;
				BUILD_LIBRARY_FOR_DISTRIBUTION = NO;
				CLANG_ANALYZER_NONNULL = YES;
				CLANG_ANALYZER_NUMBER_OBJECT_CONVERSION = YES_AGGRESSIVE;
				CLANG_CXX_LANGUAGE_STANDARD = "gnu++20";
				CLANG_ENABLE_MODULES = YES;
				CLANG_ENABLE_OBJC_ARC = YES;
				CLANG_ENABLE_OBJC_WEAK = YES;
				CLANG_WARN_BLOCK_CAPTURE_AUTORELEASING = YES;
				CLANG_WARN_BOOL_CONVERSION = YES;
				CLANG_WARN_COMMA = YES;
				CLANG_WARN_CONSTANT_CONVERSION = YES;
				CLANG_WARN_DEPRECATED_OBJC_IMPLEMENTATIONS = YES;
				CLANG_WARN_DIRECT_OBJC_ISA_USAGE = YES_ERROR;
				CLANG_WARN_DOCUMENTATION_COMMENTS = YES;
				CLANG_WARN_EMPTY_BODY = YES;
				CLANG_WARN_ENUM_CONVERSION = YES;
				CLANG_WARN_INFINITE_RECURSION = YES;
				CLANG_WARN_INT_CONVERSION = YES;
				CLANG_WARN_NON_LITERAL_NULL_CONVERSION = YES;
				CLANG_WARN_OBJC_IMPLICIT_RETAIN_SELF = YES;
				CLANG_WARN_OBJC_LITERAL_CONVERSION = YES;
				CLANG_WARN_OBJC_ROOT_CLASS = YES_ERROR;
				CLANG_WARN_QUOTED_INCLUDE_IN_FRAMEWORK_HEADER = YES;
				CLANG_WARN_RANGE_LOOP_ANALYSIS = YES;
				CLANG_WARN_STRICT_PROTOTYPES = YES;
				CLANG_WARN_SUSPICIOUS_MOVE = YES;
				CLANG_WARN_UNGUARDED_AVAILABILITY = YES_AGGRESSIVE;
				CLANG_WARN_UNREACHABLE_CODE = YES;
				CLANG_WARN__DUPLICATE_METHOD_MATCH = YES;
				COPY_PHASE_STRIP = NO;
				DEBUG_INFORMATION_FORMAT = dwarf;
				ENABLE_STRICT_OBJC_MSGSEND = YES;
				ENABLE_TESTABILITY = YES;
				ENABLE_USER_SCRIPT_SANDBOXING = YES;
				GCC_C_LANGUAGE_STANDARD = gnu17;
				GCC_DYNAMIC_NO_PIC = NO;
				GCC_NO_COMMON_BLOCKS = YES;
				GCC_OPTIMIZATION_LEVEL = 0;
				GCC_PREPROCESSOR_DEFINITIONS = (
					"DEBUG=1",
					"$(inherited)",
				);
				GCC_WARN_64_TO_32_BIT_CONVERSION = YES;
				GCC_WARN_ABOUT_RETURN_TYPE = YES_ERROR;
				GCC_WARN_UNDECLARED_SELECTOR = YES;
				GCC_WARN_UNINITIALIZED_AUTOS = YES_AGGRESSIVE;
				GCC_WARN_UNUSED_FUNCTION = YES;
				GCC_WARN_UNUSED_VARIABLE = YES;
				IPHONEOS_DEPLOYMENT_TARGET = 17.0;
				LOCALIZATION_PREFERS_STRING_CATALOGS = YES;
				MTL_ENABLE_DEBUG_INFO = INCLUDE_SOURCE;
				MTL_FAST_MATH = YES;
				ONLY_ACTIVE_ARCH = YES;
				SDKROOT = iphoneos;
				SWIFT_ACTIVE_COMPILATION_CONDITIONS = "DEBUG $(inherited)";
				SWIFT_OPTIMIZATION_LEVEL = "-Onone";
			};
			name = Debug;
		};
		B22B6F272B516CD30044E0F7 /* Release */ = {
			isa = XCBuildConfiguration;
			buildSettings = {
				ALWAYS_SEARCH_USER_PATHS = NO;
				ASSETCATALOG_COMPILER_GENERATE_SWIFT_ASSET_SYMBOL_EXTENSIONS = YES;
				BUILD_LIBRARY_FOR_DISTRIBUTION = NO;
				CLANG_ANALYZER_NONNULL = YES;
				CLANG_ANALYZER_NUMBER_OBJECT_CONVERSION = YES_AGGRESSIVE;
				CLANG_CXX_LANGUAGE_STANDARD = "gnu++20";
				CLANG_ENABLE_MODULES = YES;
				CLANG_ENABLE_OBJC_ARC = YES;
				CLANG_ENABLE_OBJC_WEAK = YES;
				CLANG_WARN_BLOCK_CAPTURE_AUTORELEASING = YES;
				CLANG_WARN_BOOL_CONVERSION = YES;
				CLANG_WARN_COMMA = YES;
				CLANG_WARN_CONSTANT_CONVERSION = YES;
				CLANG_WARN_DEPRECATED_OBJC_IMPLEMENTATIONS = YES;
				CLANG_WARN_DIRECT_OBJC_ISA_USAGE = YES_ERROR;
				CLANG_WARN_DOCUMENTATION_COMMENTS = YES;
				CLANG_WARN_EMPTY_BODY = YES;
				CLANG_WARN_ENUM_CONVERSION = YES;
				CLANG_WARN_INFINITE_RECURSION = YES;
				CLANG_WARN_INT_CONVERSION = YES;
				CLANG_WARN_NON_LITERAL_NULL_CONVERSION = YES;
				CLANG_WARN_OBJC_IMPLICIT_RETAIN_SELF = YES;
				CLANG_WARN_OBJC_LITERAL_CONVERSION = YES;
				CLANG_WARN_OBJC_ROOT_CLASS = YES_ERROR;
				CLANG_WARN_QUOTED_INCLUDE_IN_FRAMEWORK_HEADER = YES;
				CLANG_WARN_RANGE_LOOP_ANALYSIS = YES;
				CLANG_WARN_STRICT_PROTOTYPES = YES;
				CLANG_WARN_SUSPICIOUS_MOVE = YES;
				CLANG_WARN_UNGUARDED_AVAILABILITY = YES_AGGRESSIVE;
				CLANG_WARN_UNREACHABLE_CODE = YES;
				CLANG_WARN__DUPLICATE_METHOD_MATCH = YES;
				COPY_PHASE_STRIP = NO;
				DEBUG_INFORMATION_FORMAT = "dwarf-with-dsym";
				ENABLE_NS_ASSERTIONS = NO;
				ENABLE_STRICT_OBJC_MSGSEND = YES;
				ENABLE_USER_SCRIPT_SANDBOXING = YES;
				GCC_C_LANGUAGE_STANDARD = gnu17;
				GCC_NO_COMMON_BLOCKS = YES;
				GCC_WARN_64_TO_32_BIT_CONVERSION = YES;
				GCC_WARN_ABOUT_RETURN_TYPE = YES_ERROR;
				GCC_WARN_UNDECLARED_SELECTOR = YES;
				GCC_WARN_UNINITIALIZED_AUTOS = YES_AGGRESSIVE;
				GCC_WARN_UNUSED_FUNCTION = YES;
				GCC_WARN_UNUSED_VARIABLE = YES;
				IPHONEOS_DEPLOYMENT_TARGET = 17.0;
				LOCALIZATION_PREFERS_STRING_CATALOGS = YES;
				MTL_ENABLE_DEBUG_INFO = NO;
				MTL_FAST_MATH = YES;
				SDKROOT = iphoneos;
				SWIFT_COMPILATION_MODE = wholemodule;
				VALIDATE_PRODUCT = YES;
			};
			name = Release;
		};
		B22B6F292B516CD30044E0F7 /* Debug */ = {
			isa = XCBuildConfiguration;
			baseConfigurationReference = 82DD0E2EC1CCA4C048B61EC5 /* Pods-JambleTest.debug.xcconfig */;
			buildSettings = {
				ASSETCATALOG_COMPILER_APPICON_NAME = AppIcon;
				ASSETCATALOG_COMPILER_GLOBAL_ACCENT_COLOR_NAME = AccentColor;
				CODE_SIGN_STYLE = Automatic;
				CURRENT_PROJECT_VERSION = 1;
				DEVELOPMENT_TEAM = 227LV95S87;
				GENERATE_INFOPLIST_FILE = YES;
				INFOPLIST_FILE = JambleTest/Info.plist;
				INFOPLIST_KEY_UIApplicationSupportsIndirectInputEvents = YES;
				INFOPLIST_KEY_UILaunchStoryboardName = LaunchScreen;
				INFOPLIST_KEY_UISupportedInterfaceOrientations_iPad = "UIInterfaceOrientationPortrait UIInterfaceOrientationPortraitUpsideDown UIInterfaceOrientationLandscapeLeft UIInterfaceOrientationLandscapeRight";
				INFOPLIST_KEY_UISupportedInterfaceOrientations_iPhone = "UIInterfaceOrientationPortrait UIInterfaceOrientationLandscapeLeft UIInterfaceOrientationLandscapeRight";
				LD_RUNPATH_SEARCH_PATHS = (
					"$(inherited)",
					"@executable_path/Frameworks",
				);
				MARKETING_VERSION = 1.0;
				PRODUCT_BUNDLE_IDENTIFIER = ben.practice.JambleTest;
				PRODUCT_NAME = "$(TARGET_NAME)";
				SWIFT_EMIT_LOC_STRINGS = YES;
				SWIFT_VERSION = 5.0;
				TARGETED_DEVICE_FAMILY = "1,2";
			};
			name = Debug;
		};
		B22B6F2A2B516CD30044E0F7 /* Release */ = {
			isa = XCBuildConfiguration;
			baseConfigurationReference = C821E5DA316B5E6E3E4E1DFD /* Pods-JambleTest.release.xcconfig */;
			buildSettings = {
				ASSETCATALOG_COMPILER_APPICON_NAME = AppIcon;
				ASSETCATALOG_COMPILER_GLOBAL_ACCENT_COLOR_NAME = AccentColor;
				CODE_SIGN_STYLE = Automatic;
				CURRENT_PROJECT_VERSION = 1;
				DEVELOPMENT_TEAM = 227LV95S87;
				GENERATE_INFOPLIST_FILE = YES;
				INFOPLIST_FILE = JambleTest/Info.plist;
				INFOPLIST_KEY_UIApplicationSupportsIndirectInputEvents = YES;
				INFOPLIST_KEY_UILaunchStoryboardName = LaunchScreen;
				INFOPLIST_KEY_UISupportedInterfaceOrientations_iPad = "UIInterfaceOrientationPortrait UIInterfaceOrientationPortraitUpsideDown UIInterfaceOrientationLandscapeLeft UIInterfaceOrientationLandscapeRight";
				INFOPLIST_KEY_UISupportedInterfaceOrientations_iPhone = "UIInterfaceOrientationPortrait UIInterfaceOrientationLandscapeLeft UIInterfaceOrientationLandscapeRight";
				LD_RUNPATH_SEARCH_PATHS = (
					"$(inherited)",
					"@executable_path/Frameworks",
				);
				MARKETING_VERSION = 1.0;
				PRODUCT_BUNDLE_IDENTIFIER = ben.practice.JambleTest;
				PRODUCT_NAME = "$(TARGET_NAME)";
				SWIFT_EMIT_LOC_STRINGS = YES;
				SWIFT_VERSION = 5.0;
				TARGETED_DEVICE_FAMILY = "1,2";
			};
			name = Release;
		};
		B22B6F2C2B516CD30044E0F7 /* Debug */ = {
			isa = XCBuildConfiguration;
			buildSettings = {
				ALWAYS_EMBED_SWIFT_STANDARD_LIBRARIES = YES;
				BUNDLE_LOADER = "$(TEST_HOST)";
				CODE_SIGN_STYLE = Automatic;
				CURRENT_PROJECT_VERSION = 1;
				DEVELOPMENT_TEAM = 227LV95S87;
				GENERATE_INFOPLIST_FILE = YES;
				IPHONEOS_DEPLOYMENT_TARGET = 17.0;
				MARKETING_VERSION = 1.0;
				PRODUCT_BUNDLE_IDENTIFIER = ben.practice.JambleTestTests;
				PRODUCT_NAME = "$(TARGET_NAME)";
				SWIFT_EMIT_LOC_STRINGS = NO;
				SWIFT_VERSION = 5.0;
				TARGETED_DEVICE_FAMILY = "1,2";
				TEST_HOST = "$(BUILT_PRODUCTS_DIR)/JambleTest.app/$(BUNDLE_EXECUTABLE_FOLDER_PATH)/JambleTest";
			};
			name = Debug;
		};
		B22B6F2D2B516CD30044E0F7 /* Release */ = {
			isa = XCBuildConfiguration;
			buildSettings = {
				ALWAYS_EMBED_SWIFT_STANDARD_LIBRARIES = YES;
				BUNDLE_LOADER = "$(TEST_HOST)";
				CODE_SIGN_STYLE = Automatic;
				CURRENT_PROJECT_VERSION = 1;
				DEVELOPMENT_TEAM = 227LV95S87;
				GENERATE_INFOPLIST_FILE = YES;
				IPHONEOS_DEPLOYMENT_TARGET = 17.0;
				MARKETING_VERSION = 1.0;
				PRODUCT_BUNDLE_IDENTIFIER = ben.practice.JambleTestTests;
				PRODUCT_NAME = "$(TARGET_NAME)";
				SWIFT_EMIT_LOC_STRINGS = NO;
				SWIFT_VERSION = 5.0;
				TARGETED_DEVICE_FAMILY = "1,2";
				TEST_HOST = "$(BUILT_PRODUCTS_DIR)/JambleTest.app/$(BUNDLE_EXECUTABLE_FOLDER_PATH)/JambleTest";
			};
			name = Release;
		};
/* End XCBuildConfiguration section */

/* Begin XCConfigurationList section */
		B22B6EF92B516CD20044E0F7 /* Build configuration list for PBXProject "JambleTest" */ = {
			isa = XCConfigurationList;
			buildConfigurations = (
				B22B6F262B516CD30044E0F7 /* Debug */,
				B22B6F272B516CD30044E0F7 /* Release */,
			);
			defaultConfigurationIsVisible = 0;
			defaultConfigurationName = Release;
		};
		B22B6F282B516CD30044E0F7 /* Build configuration list for PBXNativeTarget "JambleTest" */ = {
			isa = XCConfigurationList;
			buildConfigurations = (
				B22B6F292B516CD30044E0F7 /* Debug */,
				B22B6F2A2B516CD30044E0F7 /* Release */,
			);
			defaultConfigurationIsVisible = 0;
			defaultConfigurationName = Release;
		};
		B22B6F2B2B516CD30044E0F7 /* Build configuration list for PBXNativeTarget "JambleTestTests" */ = {
			isa = XCConfigurationList;
			buildConfigurations = (
				B22B6F2C2B516CD30044E0F7 /* Debug */,
				B22B6F2D2B516CD30044E0F7 /* Release */,
			);
			defaultConfigurationIsVisible = 0;
			defaultConfigurationName = Release;
		};
/* End XCConfigurationList section */

/* Begin XCRemoteSwiftPackageReference section */
		B22B70102B545A610044E0F7 /* XCRemoteSwiftPackageReference "Swinject" */ = {
			isa = XCRemoteSwiftPackageReference;
			repositoryURL = "https://github.com/Swinject/Swinject.git";
			requirement = {
				kind = upToNextMajorVersion;
				minimumVersion = 2.8.4;
			};
		};
/* End XCRemoteSwiftPackageReference section */

/* Begin XCSwiftPackageProductDependency section */
		B22B701A2B5468340044E0F7 /* Swinject */ = {
			isa = XCSwiftPackageProductDependency;
			package = B22B70102B545A610044E0F7 /* XCRemoteSwiftPackageReference "Swinject" */;
			productName = Swinject;
		};
		B22B701C2B5468370044E0F7 /* Swinject-Dynamic */ = {
			isa = XCSwiftPackageProductDependency;
			package = B22B70102B545A610044E0F7 /* XCRemoteSwiftPackageReference "Swinject" */;
			productName = "Swinject-Dynamic";
		};
		B22B701F2B546A330044E0F7 /* Swinject */ = {
			isa = XCSwiftPackageProductDependency;
			package = B22B70102B545A610044E0F7 /* XCRemoteSwiftPackageReference "Swinject" */;
			productName = Swinject;
		};
		B22B70212B546A360044E0F7 /* Swinject-Dynamic */ = {
			isa = XCSwiftPackageProductDependency;
			package = B22B70102B545A610044E0F7 /* XCRemoteSwiftPackageReference "Swinject" */;
			productName = "Swinject-Dynamic";
		};
/* End XCSwiftPackageProductDependency section */
	};
	rootObject = B22B6EF62B516CD20044E0F7 /* Project object */;
}
